{
  "version": 4,
  "terraform_version": "1.1.5",
  "serial": 2131,
  "lineage": "d571921a-cc9e-ec6d-23a3-8dbd08731b3b",
  "outputs": {
    "cloudwatch_log_group_arn": {
      "value": "arn:aws:logs:us-west-1:223363613223:log-group:DWP-CV20220318115311847300000006",
      "type": "string"
    },
    "cloudwatch_log_group_name": {
      "value": "DWP-CV20220318115311847300000006",
      "type": "string"
    },
    "cloudwatch_log_metric_filter_id": {
      "value": "metric-DWP-CV20220318115311847300000006",
      "type": "string"
    },
    "cloudwatch_metric_alarm_arn": {
      "value": "arn:aws:cloudwatch:us-west-1:223363613223:alarm:log-errors-DWP-CV20220318115311847300000006",
      "type": "string"
    },
    "cloudwatch_metric_alarm_id": {
      "value": "log-errors-DWP-CV20220318115311847300000006",
      "type": "string"
    },
    "cluster_endpoint": {
      "value": "https://CE8CDCDAABAFA1225D889C991E9509E0.gr7.us-west-1.eks.amazonaws.com",
      "type": "string"
    },
    "cluster_id": {
      "value": "DWP-CV-dev-3D9Nfn8e",
      "type": "string"
    },
    "cluster_name": {
      "value": "DWP-CV-dev-3D9Nfn8e",
      "type": "string"
    },
    "cluster_security_group_id": {
      "value": "sg-07d85a6f6a62cb383",
      "type": "string"
    },
    "config_map_aws_auth": {
      "value": [
        {
          "binary_data": null,
          "data": {
            "mapAccounts": "[]\n",
            "mapRoles": "- \"groups\":\n  - \"system:bootstrappers\"\n  - \"system:nodes\"\n  \"rolearn\": \"arn:aws:iam::223363613223:role/DWP-CV-dev-3D9Nfn8e2022031812020454950000000f\"\n  \"username\": \"system:node:{{EC2PrivateDNSName}}\"\n",
            "mapUsers": "[]\n"
          },
          "id": "kube-system/aws-auth",
          "metadata": [
            {
              "annotations": null,
              "generate_name": "",
              "generation": 0,
              "labels": {
                "app.kubernetes.io/managed-by": "Terraform",
                "terraform.io/module": "terraform-aws-modules.eks.aws"
              },
              "name": "aws-auth",
              "namespace": "kube-system",
              "resource_version": "656",
              "uid": "7fba0108-fde7-4ad4-a201-df5c05129ab5"
            }
          ]
        }
      ],
      "type": [
        "tuple",
        [
          [
            "object",
            {
              "binary_data": [
                "map",
                "string"
              ],
              "data": [
                "map",
                "string"
              ],
              "id": "string",
              "metadata": [
                "list",
                [
                  "object",
                  {
                    "annotations": [
                      "map",
                      "string"
                    ],
                    "generate_name": "string",
                    "generation": "number",
                    "labels": [
                      "map",
                      "string"
                    ],
                    "name": "string",
                    "namespace": "string",
                    "resource_version": "string",
                    "uid": "string"
                  }
                ]
              ]
            }
          ]
        ]
      ]
    },
    "kubectl_config": {
      "value": "apiVersion: v1\npreferences: {}\nkind: Config\n\nclusters:\n- cluster:\n    server: https://CE8CDCDAABAFA1225D889C991E9509E0.gr7.us-west-1.eks.amazonaws.com\n    certificate-authority-data: LS0tLS1CRUdJTiBDRVJUSUZJQ0FURS0tLS0tCk1JSUM1ekNDQWMrZ0F3SUJBZ0lCQURBTkJna3Foa2lHOXcwQkFRc0ZBREFWTVJNd0VRWURWUVFERXdwcmRXSmwKY201bGRHVnpNQjRYRFRJeU1ETXhPREV4TlRnME5Wb1hEVE15TURNeE5URXhOVGcwTlZvd0ZURVRNQkVHQTFVRQpBeE1LYTNWaVpYSnVaWFJsY3pDQ0FTSXdEUVlKS29aSWh2Y05BUUVCQlFBRGdnRVBBRENDQVFvQ2dnRUJBTXExCkxPNlE0UVFCVlQ4M09LNHpNaEVGVzhaZG5aMVRqbU9SdWJrMU1XVVdJVWRlUVhBQ2cyTjE5OGRhL0pYc1pvZGkKdkhDcnlGMVJwWWlKNDNvKzljTTN0L1dGbzllNE5VR0VVcG9BcmIyV3VXYlJPQm0vRmhTU2l0RnAwSDFROUdnMApab0x0N0VjdkNwTkhmbk1tU2NudjZiM1ovSjB2UlV0cndIQ243Y25qQVVHYnkwMU5LOEN2OC9kN08wWkNXRmJuCk9HNi9TQ09rRWRFb1piY2FaWGIxREwvTWhNc1NpbHF4eWh5RDAweE0zandvODZmQnNXOXc2TWJ1ZllPV0lEREUKTmZ1Sms2QkVvQzl6aG1qa08ydUlDdjlBUVg4ZVZVRXNlV1NqdXlUMXFzWFBscFlDaW9vNmtKMHFLdG5zekhGcApIZ08rYUJxNDlpbEZnNlR6NyswQ0F3RUFBYU5DTUVBd0RnWURWUjBQQVFIL0JBUURBZ0trTUE4R0ExVWRFd0VCCi93UUZNQU1CQWY4d0hRWURWUjBPQkJZRUZDcTgxRGtmQzR4dS8zUnhJREtsQVprdlplTlhNQTBHQ1NxR1NJYjMKRFFFQkN3VUFBNElCQVFDd2oxMWNhUWEzaDNWbWY4YmxqNTRZYWxDTUgyakxZcnlUa3VRNFlsTitGcnJVQzVlNwpFREVxbDNFN0NmM1dueHNZR3dGRUF5aWJMV1dyaVl3L1RydGtjUGw5amhaeGtybGlNeUw4VThRTjZ3MjJHN1lYCm9ta2lsWTRuTTNPbnhLR1Ura2NLbWh2S2E1ZHV0em1vbjI3WU9DTHVFdXo5TlRrb2pvUFVacy9vUFpaRzgwTnkKTHUwSDdnSXMzNFJydkhwS1dDK085aDhINitROGM1emNQb0VFK3FPNHV4bm1OOWg0YWxMUTh6Z2FQRURkVjRZVgoxc2JxOHE2MjRsNGdEcWtCeWVBWWNlaHBXWEk3NUVVaU1LdXo0TW1MTURjWmVLU0lWVUh4WXJHMVduY1RjVERvCmEvV3N5VmIvU0RLWjBMakZMTmVnZTgwMUZqaEZQRE0xcGluKwotLS0tLUVORCBDRVJUSUZJQ0FURS0tLS0tCg==\n  name: eks_DWP-CV-dev-3D9Nfn8e\n\ncontexts:\n- context:\n    cluster: eks_DWP-CV-dev-3D9Nfn8e\n    user: eks_DWP-CV-dev-3D9Nfn8e\n  name: eks_DWP-CV-dev-3D9Nfn8e\n\ncurrent-context: eks_DWP-CV-dev-3D9Nfn8e\n\nusers:\n- name: eks_DWP-CV-dev-3D9Nfn8e\n  user:\n    exec:\n      apiVersion: client.authentication.k8s.io/v1alpha1\n      command: aws-iam-authenticator\n      args:\n        - \"token\"\n        - \"-i\"\n        - \"DWP-CV-dev-3D9Nfn8e\"\n",
      "type": "string"
    },
    "region": {
      "value": "us-west-1",
      "type": "string"
    }
  },
  "resources": [
    {
      "mode": "data",
      "type": "aws_eks_cluster",
      "name": "cluster",
      "provider": "provider[\"registry.terraform.io/hashicorp/aws\"]",
      "instances": [
        {
          "schema_version": 0,
          "attributes": {
            "arn": "arn:aws:eks:us-west-1:223363613223:cluster/DWP-CV-dev-3D9Nfn8e",
            "certificate_authority": [
              {
                "data": "LS0tLS1CRUdJTiBDRVJUSUZJQ0FURS0tLS0tCk1JSUM1ekNDQWMrZ0F3SUJBZ0lCQURBTkJna3Foa2lHOXcwQkFRc0ZBREFWTVJNd0VRWURWUVFERXdwcmRXSmwKY201bGRHVnpNQjRYRFRJeU1ETXhPREV4TlRnME5Wb1hEVE15TURNeE5URXhOVGcwTlZvd0ZURVRNQkVHQTFVRQpBeE1LYTNWaVpYSnVaWFJsY3pDQ0FTSXdEUVlKS29aSWh2Y05BUUVCQlFBRGdnRVBBRENDQVFvQ2dnRUJBTXExCkxPNlE0UVFCVlQ4M09LNHpNaEVGVzhaZG5aMVRqbU9SdWJrMU1XVVdJVWRlUVhBQ2cyTjE5OGRhL0pYc1pvZGkKdkhDcnlGMVJwWWlKNDNvKzljTTN0L1dGbzllNE5VR0VVcG9BcmIyV3VXYlJPQm0vRmhTU2l0RnAwSDFROUdnMApab0x0N0VjdkNwTkhmbk1tU2NudjZiM1ovSjB2UlV0cndIQ243Y25qQVVHYnkwMU5LOEN2OC9kN08wWkNXRmJuCk9HNi9TQ09rRWRFb1piY2FaWGIxREwvTWhNc1NpbHF4eWh5RDAweE0zandvODZmQnNXOXc2TWJ1ZllPV0lEREUKTmZ1Sms2QkVvQzl6aG1qa08ydUlDdjlBUVg4ZVZVRXNlV1NqdXlUMXFzWFBscFlDaW9vNmtKMHFLdG5zekhGcApIZ08rYUJxNDlpbEZnNlR6NyswQ0F3RUFBYU5DTUVBd0RnWURWUjBQQVFIL0JBUURBZ0trTUE4R0ExVWRFd0VCCi93UUZNQU1CQWY4d0hRWURWUjBPQkJZRUZDcTgxRGtmQzR4dS8zUnhJREtsQVprdlplTlhNQTBHQ1NxR1NJYjMKRFFFQkN3VUFBNElCQVFDd2oxMWNhUWEzaDNWbWY4YmxqNTRZYWxDTUgyakxZcnlUa3VRNFlsTitGcnJVQzVlNwpFREVxbDNFN0NmM1dueHNZR3dGRUF5aWJMV1dyaVl3L1RydGtjUGw5amhaeGtybGlNeUw4VThRTjZ3MjJHN1lYCm9ta2lsWTRuTTNPbnhLR1Ura2NLbWh2S2E1ZHV0em1vbjI3WU9DTHVFdXo5TlRrb2pvUFVacy9vUFpaRzgwTnkKTHUwSDdnSXMzNFJydkhwS1dDK085aDhINitROGM1emNQb0VFK3FPNHV4bm1OOWg0YWxMUTh6Z2FQRURkVjRZVgoxc2JxOHE2MjRsNGdEcWtCeWVBWWNlaHBXWEk3NUVVaU1LdXo0TW1MTURjWmVLU0lWVUh4WXJHMVduY1RjVERvCmEvV3N5VmIvU0RLWjBMakZMTmVnZTgwMUZqaEZQRE0xcGluKwotLS0tLUVORCBDRVJUSUZJQ0FURS0tLS0tCg=="
              }
            ],
            "created_at": "2022-03-18 11:53:20.306 +0000 UTC",
            "enabled_cluster_log_types": [],
            "endpoint": "https://CE8CDCDAABAFA1225D889C991E9509E0.gr7.us-west-1.eks.amazonaws.com",
            "id": "DWP-CV-dev-3D9Nfn8e",
            "identity": [
              {
                "oidc": [
                  {
                    "issuer": "https://oidc.eks.us-west-1.amazonaws.com/id/CE8CDCDAABAFA1225D889C991E9509E0"
                  }
                ]
              }
            ],
            "kubernetes_network_config": [
              {
                "ip_family": "ipv4",
                "service_ipv4_cidr": "172.20.0.0/16"
              }
            ],
            "name": "DWP-CV-dev-3D9Nfn8e",
            "platform_version": "eks.4",
            "role_arn": "arn:aws:iam::223363613223:role/DWP-CV-dev-3D9Nfn8e20220318115311848600000008",
            "status": "ACTIVE",
            "tags": {},
            "version": "1.20",
            "vpc_config": [
              {
                "cluster_security_group_id": "sg-0ce3b4c825fed6208",
                "endpoint_private_access": false,
                "endpoint_public_access": true,
                "public_access_cidrs": [
                  "0.0.0.0/0"
                ],
                "security_group_ids": [
                  "sg-07d85a6f6a62cb383"
                ],
                "subnet_ids": [
                  "subnet-008b5b5647ad8b644",
                  "subnet-0814786b59164905e",
                  "subnet-0c44adf4ed52091a2"
                ],
                "vpc_id": "vpc-0eb89abc55a15bbe0"
              }
            ]
          },
          "sensitive_attributes": []
        }
      ]
    },
    {
      "mode": "data",
      "type": "aws_eks_cluster_auth",
      "name": "cluster",
      "provider": "provider[\"registry.terraform.io/hashicorp/aws\"]",
      "instances": [
        {
          "schema_version": 0,
          "attributes": {
            "id": "DWP-CV-dev-3D9Nfn8e",
            "name": "DWP-CV-dev-3D9Nfn8e",
            "token": "k8s-aws-v1.aHR0cHM6Ly9zdHMuYW1hem9uYXdzLmNvbS8_QWN0aW9uPUdldENhbGxlcklkZW50aXR5JlZlcnNpb249MjAxMS0wNi0xNSZYLUFtei1BbGdvcml0aG09QVdTNC1ITUFDLVNIQTI1NiZYLUFtei1DcmVkZW50aWFsPUFLSUFUSUFNQ0lJVFlUMkE0NkRKJTJGMjAyMjAzMTglMkZ1cy1lYXN0LTElMkZzdHMlMkZhd3M0X3JlcXVlc3QmWC1BbXotRGF0ZT0yMDIyMDMxOFQxMjAyMDVaJlgtQW16LUV4cGlyZXM9MCZYLUFtei1TaWduZWRIZWFkZXJzPWhvc3QlM0J4LWs4cy1hd3MtaWQmWC1BbXotU2lnbmF0dXJlPWQ2OWJhOTg2ODI3MWM0ZmQ5YjA0MTM2NDU1MWJmYmQxYjcwNWVmMTEzNjcwODU1NDA1OWM1MGMxZTliY2M1MzM"
          },
          "sensitive_attributes": []
        }
      ]
    },
    {
      "mode": "data",
      "type": "aws_subnets",
      "name": "cluster_subnet_ids",
      "provider": "provider[\"registry.terraform.io/hashicorp/aws\"]",
      "instances": [
        {
          "schema_version": 0,
          "attributes": {
            "filter": null,
            "id": "us-west-1",
            "ids": [
              "subnet-0d9d4bb0c5138cbc8",
              "subnet-01eabed33444776d2",
              "subnet-008b5b5647ad8b644",
              "subnet-0c44adf4ed52091a2",
              "subnet-079befe7f550919ba",
              "subnet-0aea67778d405f521",
              "subnet-0a059f97fcd6841ab",
              "subnet-0814786b59164905e"
            ],
            "tags": null
          },
          "sensitive_attributes": []
        }
      ]
    },
    {
      "mode": "data",
      "type": "aws_subnets",
      "name": "private",
      "provider": "provider[\"registry.terraform.io/hashicorp/aws\"]",
      "instances": [
        {
          "schema_version": 0,
          "attributes": {
            "filter": null,
            "id": "us-west-1",
            "ids": [
              "subnet-008b5b5647ad8b644",
              "subnet-0c44adf4ed52091a2",
              "subnet-0814786b59164905e"
            ],
            "tags": {
              "Tier": "Private"
            }
          },
          "sensitive_attributes": []
        }
      ]
    },
    {
      "mode": "data",
      "type": "aws_subnets",
      "name": "public",
      "provider": "provider[\"registry.terraform.io/hashicorp/aws\"]",
      "instances": [
        {
          "schema_version": 0,
          "attributes": {
            "filter": null,
            "id": "us-west-1",
            "ids": [
              "subnet-0d9d4bb0c5138cbc8",
              "subnet-079befe7f550919ba",
              "subnet-0a059f97fcd6841ab"
            ],
            "tags": {
              "Tier": "Public"
            }
          },
          "sensitive_attributes": []
        }
      ]
    },
    {
      "mode": "data",
      "type": "aws_vpc",
      "name": "cluster_vpc",
      "provider": "provider[\"registry.terraform.io/hashicorp/aws\"]",
      "instances": [
        {
          "schema_version": 0,
          "attributes": {
            "arn": "arn:aws:ec2:us-west-1:223363613223:vpc/vpc-0eb89abc55a15bbe0",
            "cidr_block": "10.0.0.0/16",
            "cidr_block_associations": [
              {
                "association_id": "vpc-cidr-assoc-0e39ba5337d1b083a",
                "cidr_block": "10.0.0.0/16",
                "state": "associated"
              }
            ],
            "default": false,
            "dhcp_options_id": "dopt-0d1a0abd045557039",
            "enable_dns_hostnames": true,
            "enable_dns_support": true,
            "filter": null,
            "id": "vpc-0eb89abc55a15bbe0",
            "instance_tenancy": "default",
            "ipv6_association_id": "vpc-cidr-assoc-0edac3bbe645af826",
            "ipv6_cidr_block": "2600:1f1c:c77:6200::/56",
            "main_route_table_id": "rtb-09006be4cb8410948",
            "owner_id": "223363613223",
            "state": null,
            "tags": {
              "Environment": "dev",
              "Name": "DWP-CV-dev",
              "Owner": "user",
              "Tier": "dwp_vpc"
            }
          },
          "sensitive_attributes": []
        }
      ]
    },
    {
      "mode": "managed",
      "type": "aws_security_group",
      "name": "all_worker_mgmt",
      "provider": "provider[\"registry.terraform.io/hashicorp/aws\"]",
      "instances": [
        {
          "schema_version": 1,
          "attributes": {
            "arn": "arn:aws:ec2:us-west-1:223363613223:security-group/sg-0fbbf514f32abad43",
            "description": "Managed by Terraform",
            "egress": [],
            "id": "sg-0fbbf514f32abad43",
            "ingress": [
              {
                "cidr_blocks": [
                  "10.0.0.0/8",
                  "172.16.0.0/12",
                  "192.168.0.0/16"
                ],
                "description": "",
                "from_port": 22,
                "ipv6_cidr_blocks": [],
                "prefix_list_ids": [],
                "protocol": "tcp",
                "security_groups": [],
                "self": false,
                "to_port": 22
              }
            ],
            "name": "all_worker_management20220318115311849600000009",
            "name_prefix": "all_worker_management",
            "owner_id": "223363613223",
            "revoke_rules_on_delete": false,
            "tags": null,
            "tags_all": {},
            "timeouts": null,
            "vpc_id": "vpc-0eb89abc55a15bbe0"
          },
          "sensitive_attributes": [],
          "private": "eyJlMmJmYjczMC1lY2FhLTExZTYtOGY4OC0zNDM2M2JjN2M0YzAiOnsiY3JlYXRlIjo2MDAwMDAwMDAwMDAsImRlbGV0ZSI6OTAwMDAwMDAwMDAwfSwic2NoZW1hX3ZlcnNpb24iOiIxIn0=",
          "dependencies": [
            "data.aws_vpc.cluster_vpc"
          ]
        }
      ]
    },
    {
      "mode": "managed",
      "type": "aws_security_group",
      "name": "worker_group_mgmt_one",
      "provider": "provider[\"registry.terraform.io/hashicorp/aws\"]",
      "instances": [
        {
          "schema_version": 1,
          "attributes": {
            "arn": "arn:aws:ec2:us-west-1:223363613223:security-group/sg-0717d8170fdb87c52",
            "description": "Managed by Terraform",
            "egress": [],
            "id": "sg-0717d8170fdb87c52",
            "ingress": [
              {
                "cidr_blocks": [
                  "10.0.0.0/8"
                ],
                "description": "",
                "from_port": 22,
                "ipv6_cidr_blocks": [],
                "prefix_list_ids": [],
                "protocol": "tcp",
                "security_groups": [],
                "self": false,
                "to_port": 22
              }
            ],
            "name": "worker_group_mgmt_one20220318115311843800000003",
            "name_prefix": "worker_group_mgmt_one",
            "owner_id": "223363613223",
            "revoke_rules_on_delete": false,
            "tags": null,
            "tags_all": {},
            "timeouts": null,
            "vpc_id": "vpc-0eb89abc55a15bbe0"
          },
          "sensitive_attributes": [],
          "private": "eyJlMmJmYjczMC1lY2FhLTExZTYtOGY4OC0zNDM2M2JjN2M0YzAiOnsiY3JlYXRlIjo2MDAwMDAwMDAwMDAsImRlbGV0ZSI6OTAwMDAwMDAwMDAwfSwic2NoZW1hX3ZlcnNpb24iOiIxIn0=",
          "dependencies": [
            "data.aws_vpc.cluster_vpc"
          ],
          "create_before_destroy": true
        }
      ]
    },
    {
      "mode": "managed",
      "type": "aws_security_group",
      "name": "worker_group_mgmt_two",
      "provider": "provider[\"registry.terraform.io/hashicorp/aws\"]",
      "instances": [
        {
          "schema_version": 1,
          "attributes": {
            "arn": "arn:aws:ec2:us-west-1:223363613223:security-group/sg-0d863e8bc5b0c8cfe",
            "description": "Managed by Terraform",
            "egress": [],
            "id": "sg-0d863e8bc5b0c8cfe",
            "ingress": [
              {
                "cidr_blocks": [
                  "192.168.0.0/16"
                ],
                "description": "",
                "from_port": 22,
                "ipv6_cidr_blocks": [],
                "prefix_list_ids": [],
                "protocol": "tcp",
                "security_groups": [],
                "self": false,
                "to_port": 22
              }
            ],
            "name": "worker_group_mgmt_two20220318115311843100000002",
            "name_prefix": "worker_group_mgmt_two",
            "owner_id": "223363613223",
            "revoke_rules_on_delete": false,
            "tags": null,
            "tags_all": {},
            "timeouts": null,
            "vpc_id": "vpc-0eb89abc55a15bbe0"
          },
          "sensitive_attributes": [],
          "private": "eyJlMmJmYjczMC1lY2FhLTExZTYtOGY4OC0zNDM2M2JjN2M0YzAiOnsiY3JlYXRlIjo2MDAwMDAwMDAwMDAsImRlbGV0ZSI6OTAwMDAwMDAwMDAwfSwic2NoZW1hX3ZlcnNpb24iOiIxIn0=",
          "dependencies": [
            "data.aws_vpc.cluster_vpc"
          ],
          "create_before_destroy": true
        }
      ]
    },
    {
      "mode": "managed",
      "type": "null_resource",
      "name": "Create-DWP-Namespace",
      "provider": "provider[\"registry.terraform.io/hashicorp/null\"]",
      "instances": [
        {
          "schema_version": 0,
          "attributes": {
            "id": "1672386644713153112",
            "triggers": null
          },
          "sensitive_attributes": [],
          "private": "bnVsbA==",
          "dependencies": [
            "aws_security_group.worker_group_mgmt_one",
            "aws_security_group.worker_group_mgmt_two",
            "data.aws_eks_cluster.cluster",
            "data.aws_eks_cluster_auth.cluster",
            "data.aws_subnets.private",
            "data.aws_vpc.cluster_vpc",
            "module.eks.aws_autoscaling_group.workers",
            "module.eks.aws_autoscaling_group.workers_launch_template",
            "module.eks.aws_cloudwatch_log_group.this",
            "module.eks.aws_eks_cluster.this",
            "module.eks.aws_iam_instance_profile.workers",
            "module.eks.aws_iam_instance_profile.workers_launch_template",
            "module.eks.aws_iam_openid_connect_provider.oidc_provider",
            "module.eks.aws_iam_policy.cluster_deny_log_group",
            "module.eks.aws_iam_policy.cluster_elb_sl_role_creation",
            "module.eks.aws_iam_role.cluster",
            "module.eks.aws_iam_role.workers",
            "module.eks.aws_iam_role_policy_attachment.cluster_AmazonEKSClusterPolicy",
            "module.eks.aws_iam_role_policy_attachment.cluster_AmazonEKSServicePolicy",
            "module.eks.aws_iam_role_policy_attachment.cluster_AmazonEKSVPCResourceControllerPolicy",
            "module.eks.aws_iam_role_policy_attachment.cluster_deny_log_group",
            "module.eks.aws_iam_role_policy_attachment.cluster_elb_sl_role_creation",
            "module.eks.aws_iam_role_policy_attachment.workers_AmazonEC2ContainerRegistryReadOnly",
            "module.eks.aws_iam_role_policy_attachment.workers_AmazonEKSWorkerNodePolicy",
            "module.eks.aws_iam_role_policy_attachment.workers_AmazonEKS_CNI_Policy",
            "module.eks.aws_iam_role_policy_attachment.workers_additional_policies",
            "module.eks.aws_launch_configuration.workers",
            "module.eks.aws_launch_template.workers_launch_template",
            "module.eks.aws_security_group.cluster",
            "module.eks.aws_security_group.workers",
            "module.eks.aws_security_group_rule.cluster_egress_internet",
            "module.eks.aws_security_group_rule.cluster_https_worker_ingress",
            "module.eks.aws_security_group_rule.cluster_primary_ingress_workers",
            "module.eks.aws_security_group_rule.cluster_private_access_cidrs_source",
            "module.eks.aws_security_group_rule.cluster_private_access_sg_source",
            "module.eks.aws_security_group_rule.workers_egress_internet",
            "module.eks.aws_security_group_rule.workers_ingress_cluster",
            "module.eks.aws_security_group_rule.workers_ingress_cluster_https",
            "module.eks.aws_security_group_rule.workers_ingress_cluster_kubelet",
            "module.eks.aws_security_group_rule.workers_ingress_cluster_primary",
            "module.eks.aws_security_group_rule.workers_ingress_self",
            "module.eks.data.aws_ami.eks_worker",
            "module.eks.data.aws_ami.eks_worker_windows",
            "module.eks.data.aws_caller_identity.current",
            "module.eks.data.aws_iam_instance_profile.custom_worker_group_iam_instance_profile",
            "module.eks.data.aws_iam_instance_profile.custom_worker_group_launch_template_iam_instance_profile",
            "module.eks.data.aws_iam_policy_document.cluster_assume_role_policy",
            "module.eks.data.aws_iam_policy_document.cluster_deny_log_group",
            "module.eks.data.aws_iam_policy_document.cluster_elb_sl_role_creation",
            "module.eks.data.aws_iam_policy_document.workers_assume_role_policy",
            "module.eks.data.aws_iam_role.custom_cluster_iam_role",
            "module.eks.data.aws_partition.current",
            "module.eks.data.http.wait_for_cluster",
            "module.eks.kubernetes_config_map.aws_auth",
            "module.eks.local_file.kubeconfig",
            "module.eks.module.fargate.aws_eks_fargate_profile.this",
            "module.eks.module.fargate.aws_iam_role.eks_fargate_pod",
            "module.eks.module.fargate.aws_iam_role_policy_attachment.eks_fargate_pod",
            "module.eks.module.fargate.data.aws_iam_policy_document.eks_fargate_pod_assume_role",
            "module.eks.module.fargate.data.aws_iam_role.custom_fargate_iam_role",
            "module.eks.module.fargate.data.aws_partition.current",
            "module.eks.module.node_groups.aws_eks_node_group.workers",
            "module.eks.module.node_groups.aws_launch_template.workers",
            "module.eks.module.node_groups.data.cloudinit_config.workers_userdata",
            "random_string.suffix"
          ]
        }
      ]
    },
    {
      "mode": "managed",
      "type": "random_string",
      "name": "suffix",
      "provider": "provider[\"registry.terraform.io/hashicorp/random\"]",
      "instances": [
        {
          "schema_version": 1,
          "attributes": {
            "id": "3D9Nfn8e",
            "keepers": null,
            "length": 8,
            "lower": true,
            "min_lower": 0,
            "min_numeric": 0,
            "min_special": 0,
            "min_upper": 0,
            "number": true,
            "override_special": null,
            "result": "3D9Nfn8e",
            "special": false,
            "upper": true
          },
          "sensitive_attributes": [],
          "private": "eyJzY2hlbWFfdmVyc2lvbiI6IjEifQ==",
          "create_before_destroy": true
        }
      ]
    },
    {
      "module": "module.alarm",
      "mode": "managed",
      "type": "aws_cloudwatch_metric_alarm",
      "name": "this",
      "provider": "provider[\"registry.terraform.io/hashicorp/aws\"]",
      "instances": [
        {
          "index_key": 0,
          "schema_version": 1,
          "attributes": {
            "actions_enabled": true,
            "alarm_actions": [
              "arn:aws:sns:us-west-1:223363613223:fixtures-rapid-phoenix"
            ],
            "alarm_description": "Log errors are too high",
            "alarm_name": "log-errors-DWP-CV20220318115311847300000006",
            "arn": "arn:aws:cloudwatch:us-west-1:223363613223:alarm:log-errors-DWP-CV20220318115311847300000006",
            "comparison_operator": "GreaterThanOrEqualToThreshold",
            "datapoints_to_alarm": 0,
            "dimensions": null,
            "evaluate_low_sample_count_percentiles": "",
            "evaluation_periods": 1,
            "extended_statistic": "",
            "id": "log-errors-DWP-CV20220318115311847300000006",
            "insufficient_data_actions": null,
            "metric_name": "ErrorCount",
            "metric_query": [],
            "namespace": "dwp-cv-dev",
            "ok_actions": null,
            "period": 60,
            "statistic": "Sum",
            "tags": null,
            "tags_all": {},
            "threshold": 10,
            "threshold_metric_id": "",
            "treat_missing_data": "missing",
            "unit": "Count"
          },
          "sensitive_attributes": [],
          "private": "eyJzY2hlbWFfdmVyc2lvbiI6IjEifQ==",
          "dependencies": [
            "module.aws_sns_topic.aws_sns_topic.this",
            "module.aws_sns_topic.random_pet.this",
            "module.log_group.aws_cloudwatch_log_group.this"
          ]
        }
      ]
    },
    {
      "module": "module.aws_sns_topic",
      "mode": "managed",
      "type": "aws_sns_topic",
      "name": "this",
      "provider": "provider[\"registry.terraform.io/hashicorp/aws\"]",
      "instances": [
        {
          "schema_version": 0,
          "attributes": {
            "application_failure_feedback_role_arn": "",
            "application_success_feedback_role_arn": "",
            "application_success_feedback_sample_rate": 0,
            "arn": "arn:aws:sns:us-west-1:223363613223:fixtures-rapid-phoenix",
            "content_based_deduplication": false,
            "delivery_policy": "",
            "display_name": "",
            "fifo_topic": false,
            "firehose_failure_feedback_role_arn": "",
            "firehose_success_feedback_role_arn": "",
            "firehose_success_feedback_sample_rate": 0,
            "http_failure_feedback_role_arn": "",
            "http_success_feedback_role_arn": "",
            "http_success_feedback_sample_rate": 0,
            "id": "arn:aws:sns:us-west-1:223363613223:fixtures-rapid-phoenix",
            "kms_master_key_id": "",
            "lambda_failure_feedback_role_arn": "",
            "lambda_success_feedback_role_arn": "",
            "lambda_success_feedback_sample_rate": 0,
            "name": "fixtures-rapid-phoenix",
            "name_prefix": "",
            "owner": "223363613223",
            "policy": "{\"Version\":\"2008-10-17\",\"Id\":\"__default_policy_ID\",\"Statement\":[{\"Sid\":\"__default_statement_ID\",\"Effect\":\"Allow\",\"Principal\":{\"AWS\":\"*\"},\"Action\":[\"SNS:GetTopicAttributes\",\"SNS:SetTopicAttributes\",\"SNS:AddPermission\",\"SNS:RemovePermission\",\"SNS:DeleteTopic\",\"SNS:Subscribe\",\"SNS:ListSubscriptionsByTopic\",\"SNS:Publish\"],\"Resource\":\"arn:aws:sns:us-west-1:223363613223:fixtures-rapid-phoenix\",\"Condition\":{\"StringEquals\":{\"AWS:SourceOwner\":\"223363613223\"}}}]}",
            "sqs_failure_feedback_role_arn": "",
            "sqs_success_feedback_role_arn": "",
            "sqs_success_feedback_sample_rate": 0,
            "tags": null,
            "tags_all": {}
          },
          "sensitive_attributes": [],
          "private": "bnVsbA==",
          "dependencies": [
            "module.aws_sns_topic.random_pet.this"
          ]
        }
      ]
    },
    {
      "module": "module.aws_sns_topic",
      "mode": "managed",
      "type": "random_pet",
      "name": "this",
      "provider": "provider[\"registry.terraform.io/hashicorp/random\"]",
      "instances": [
        {
          "schema_version": 0,
          "attributes": {
            "id": "rapid-phoenix",
            "keepers": null,
            "length": 2,
            "prefix": null,
            "separator": "-"
          },
          "sensitive_attributes": [],
          "private": "bnVsbA=="
        }
      ]
    },
    {
      "module": "module.eks",
      "mode": "data",
      "type": "aws_ami",
      "name": "eks_worker",
      "provider": "provider[\"registry.terraform.io/hashicorp/aws\"]",
      "instances": [
        {
          "index_key": 0,
          "schema_version": 0,
          "attributes": {
            "architecture": "x86_64",
            "arn": "arn:aws:ec2:us-west-1::image/ami-0f5c90b239ef42365",
            "block_device_mappings": [
              {
                "device_name": "/dev/xvda",
                "ebs": {
                  "delete_on_termination": "true",
                  "encrypted": "false",
                  "iops": "0",
                  "snapshot_id": "snap-0a6ae7ccae5055ed6",
                  "throughput": "0",
                  "volume_size": "20",
                  "volume_type": "gp2"
                },
                "no_device": "",
                "virtual_name": ""
              }
            ],
            "boot_mode": "",
            "creation_date": "2022-03-09T18:13:47.000Z",
            "description": "EKS Kubernetes Worker AMI with AmazonLinux2 image, (k8s: 1.20.11, docker: 20.10.7-5.amzn2, containerd: 1.4.6-8.amzn2)",
            "ena_support": true,
            "executable_users": null,
            "filter": [
              {
                "name": "name",
                "values": [
                  "amazon-eks-node-1.20-v*"
                ]
              }
            ],
            "hypervisor": "xen",
            "id": "ami-0f5c90b239ef42365",
            "image_id": "ami-0f5c90b239ef42365",
            "image_location": "amazon/amazon-eks-node-1.20-v20220309",
            "image_owner_alias": "amazon",
            "image_type": "machine",
            "kernel_id": null,
            "most_recent": true,
            "name": "amazon-eks-node-1.20-v20220309",
            "name_regex": null,
            "owner_id": "602401143452",
            "owners": [
              "amazon"
            ],
            "platform": null,
            "platform_details": "Linux/UNIX",
            "product_codes": [],
            "public": true,
            "ramdisk_id": null,
            "root_device_name": "/dev/xvda",
            "root_device_type": "ebs",
            "root_snapshot_id": "snap-0a6ae7ccae5055ed6",
            "sriov_net_support": "simple",
            "state": "available",
            "state_reason": {
              "code": "UNSET",
              "message": "UNSET"
            },
            "tags": {},
            "usage_operation": "RunInstances",
            "virtualization_type": "hvm"
          },
          "sensitive_attributes": []
        }
      ]
    },
    {
      "module": "module.eks",
      "mode": "data",
      "type": "aws_caller_identity",
      "name": "current",
      "provider": "provider[\"registry.terraform.io/hashicorp/aws\"]",
      "instances": [
        {
          "schema_version": 0,
          "attributes": {
            "account_id": "223363613223",
            "arn": "arn:aws:iam::223363613223:root",
            "id": "223363613223",
            "user_id": "223363613223"
          },
          "sensitive_attributes": []
        }
      ]
    },
    {
      "module": "module.eks",
      "mode": "data",
      "type": "aws_iam_policy_document",
      "name": "cluster_assume_role_policy",
      "provider": "provider[\"registry.terraform.io/hashicorp/aws\"]",
      "instances": [
        {
          "schema_version": 0,
          "attributes": {
            "id": "2764486067",
            "json": "{\n  \"Version\": \"2012-10-17\",\n  \"Statement\": [\n    {\n      \"Sid\": \"EKSClusterAssumeRole\",\n      \"Effect\": \"Allow\",\n      \"Action\": \"sts:AssumeRole\",\n      \"Principal\": {\n        \"Service\": \"eks.amazonaws.com\"\n      }\n    }\n  ]\n}",
            "override_json": null,
            "override_policy_documents": null,
            "policy_id": null,
            "source_json": null,
            "source_policy_documents": null,
            "statement": [
              {
                "actions": [
                  "sts:AssumeRole"
                ],
                "condition": [],
                "effect": "Allow",
                "not_actions": [],
                "not_principals": [],
                "not_resources": [],
                "principals": [
                  {
                    "identifiers": [
                      "eks.amazonaws.com"
                    ],
                    "type": "Service"
                  }
                ],
                "resources": [],
                "sid": "EKSClusterAssumeRole"
              }
            ],
            "version": "2012-10-17"
          },
          "sensitive_attributes": []
        }
      ]
    },
    {
      "module": "module.eks",
      "mode": "data",
      "type": "aws_iam_policy_document",
      "name": "cluster_deny_log_group",
      "provider": "provider[\"registry.terraform.io/hashicorp/aws\"]",
      "instances": [
        {
          "index_key": 0,
          "schema_version": 0,
          "attributes": {
            "id": "2675893060",
            "json": "{\n  \"Version\": \"2012-10-17\",\n  \"Statement\": [\n    {\n      \"Sid\": \"\",\n      \"Effect\": \"Deny\",\n      \"Action\": \"logs:CreateLogGroup\",\n      \"Resource\": \"*\"\n    }\n  ]\n}",
            "override_json": null,
            "override_policy_documents": null,
            "policy_id": null,
            "source_json": null,
            "source_policy_documents": null,
            "statement": [
              {
                "actions": [
                  "logs:CreateLogGroup"
                ],
                "condition": [],
                "effect": "Deny",
                "not_actions": [],
                "not_principals": [],
                "not_resources": [],
                "principals": [],
                "resources": [
                  "*"
                ],
                "sid": ""
              }
            ],
            "version": "2012-10-17"
          },
          "sensitive_attributes": []
        }
      ]
    },
    {
      "module": "module.eks",
      "mode": "data",
      "type": "aws_iam_policy_document",
      "name": "cluster_elb_sl_role_creation",
      "provider": "provider[\"registry.terraform.io/hashicorp/aws\"]",
      "instances": [
        {
          "index_key": 0,
          "schema_version": 0,
          "attributes": {
            "id": "3709839417",
            "json": "{\n  \"Version\": \"2012-10-17\",\n  \"Statement\": [\n    {\n      \"Sid\": \"\",\n      \"Effect\": \"Allow\",\n      \"Action\": [\n        \"ec2:DescribeInternetGateways\",\n        \"ec2:DescribeAddresses\",\n        \"ec2:DescribeAccountAttributes\"\n      ],\n      \"Resource\": \"*\"\n    }\n  ]\n}",
            "override_json": null,
            "override_policy_documents": null,
            "policy_id": null,
            "source_json": null,
            "source_policy_documents": null,
            "statement": [
              {
                "actions": [
                  "ec2:DescribeAccountAttributes",
                  "ec2:DescribeAddresses",
                  "ec2:DescribeInternetGateways"
                ],
                "condition": [],
                "effect": "Allow",
                "not_actions": [],
                "not_principals": [],
                "not_resources": [],
                "principals": [],
                "resources": [
                  "*"
                ],
                "sid": ""
              }
            ],
            "version": "2012-10-17"
          },
          "sensitive_attributes": []
        }
      ]
    },
    {
      "module": "module.eks",
      "mode": "data",
      "type": "aws_iam_policy_document",
      "name": "workers_assume_role_policy",
      "provider": "provider[\"registry.terraform.io/hashicorp/aws\"]",
      "instances": [
        {
          "schema_version": 0,
          "attributes": {
            "id": "3778018924",
            "json": "{\n  \"Version\": \"2012-10-17\",\n  \"Statement\": [\n    {\n      \"Sid\": \"EKSWorkerAssumeRole\",\n      \"Effect\": \"Allow\",\n      \"Action\": \"sts:AssumeRole\",\n      \"Principal\": {\n        \"Service\": \"ec2.amazonaws.com\"\n      }\n    }\n  ]\n}",
            "override_json": null,
            "override_policy_documents": null,
            "policy_id": null,
            "source_json": null,
            "source_policy_documents": null,
            "statement": [
              {
                "actions": [
                  "sts:AssumeRole"
                ],
                "condition": [],
                "effect": "Allow",
                "not_actions": [],
                "not_principals": [],
                "not_resources": [],
                "principals": [
                  {
                    "identifiers": [
                      "ec2.amazonaws.com"
                    ],
                    "type": "Service"
                  }
                ],
                "resources": [],
                "sid": "EKSWorkerAssumeRole"
              }
            ],
            "version": "2012-10-17"
          },
          "sensitive_attributes": []
        }
      ]
    },
    {
      "module": "module.eks",
      "mode": "data",
      "type": "aws_partition",
      "name": "current",
      "provider": "provider[\"registry.terraform.io/hashicorp/aws\"]",
      "instances": [
        {
          "schema_version": 0,
          "attributes": {
            "dns_suffix": "amazonaws.com",
            "id": "aws",
            "partition": "aws",
            "reverse_dns_prefix": "com.amazonaws"
          },
          "sensitive_attributes": []
        }
      ]
    },
    {
      "module": "module.eks",
      "mode": "data",
      "type": "http",
      "name": "wait_for_cluster",
      "provider": "provider[\"registry.terraform.io/terraform-aws-modules/http\"]",
      "instances": [
        {
          "index_key": 0,
          "schema_version": 0,
          "attributes": {
            "body": "ok",
            "ca_certificate": "-----BEGIN CERTIFICATE-----\nMIIC5zCCAc+gAwIBAgIBADANBgkqhkiG9w0BAQsFADAVMRMwEQYDVQQDEwprdWJl\ncm5ldGVzMB4XDTIyMDMxODExNTg0NVoXDTMyMDMxNTExNTg0NVowFTETMBEGA1UE\nAxMKa3ViZXJuZXRlczCCASIwDQYJKoZIhvcNAQEBBQADggEPADCCAQoCggEBAMq1\nLO6Q4QQBVT83OK4zMhEFW8ZdnZ1TjmORubk1MWUWIUdeQXACg2N198da/JXsZodi\nvHCryF1RpYiJ43o+9cM3t/WFo9e4NUGEUpoArb2WuWbROBm/FhSSitFp0H1Q9Gg0\nZoLt7EcvCpNHfnMmScnv6b3Z/J0vRUtrwHCn7cnjAUGby01NK8Cv8/d7O0ZCWFbn\nOG6/SCOkEdEoZbcaZXb1DL/MhMsSilqxyhyD00xM3jwo86fBsW9w6MbufYOWIDDE\nNfuJk6BEoC9zhmjkO2uICv9AQX8eVUEseWSjuyT1qsXPlpYCioo6kJ0qKtnszHFp\nHgO+aBq49ilFg6Tz7+0CAwEAAaNCMEAwDgYDVR0PAQH/BAQDAgKkMA8GA1UdEwEB\n/wQFMAMBAf8wHQYDVR0OBBYEFCq81DkfC4xu/3RxIDKlAZkvZeNXMA0GCSqGSIb3\nDQEBCwUAA4IBAQCwj11caQa3h3Vmf8blj54YalCMH2jLYryTkuQ4YlN+FrrUC5e7\nEDEql3E7Cf3WnxsYGwFEAyibLWWriYw/TrtkcPl9jhZxkrliMyL8U8QN6w22G7YX\nomkilY4nM3OnxKGU+kcKmhvKa5dutzmon27YOCLuEuz9NTkojoPUZs/oPZZG80Ny\nLu0H7gIs34RrvHpKWC+O9h8H6+Q8c5zcPoEE+qO4uxnmN9h4alLQ8zgaPEDdV4YV\n1sbq8q624l4gDqkByeAYcehpWXI75EUiMKuz4MmLMDcZeKSIVUHxYrG1WncTcTDo\na/WsyVb/SDKZ0LjFLNege801FjhFPDM1pin+\n-----END CERTIFICATE-----\n",
            "id": "https://CE8CDCDAABAFA1225D889C991E9509E0.gr7.us-west-1.eks.amazonaws.com/healthz",
            "insecure": false,
            "request_headers": null,
            "response_headers": {
              "Cache-Control": "no-cache, private",
              "Content-Length": "2",
              "Content-Type": "text/plain; charset=utf-8",
              "Date": "Fri, 18 Mar 2022 12:02:05 GMT",
              "X-Content-Type-Options": "nosniff",
              "X-Kubernetes-Pf-Flowschema-Uid": "29f72922-b2b0-4ac6-a9de-9994014b705d",
              "X-Kubernetes-Pf-Prioritylevel-Uid": "1420fe3e-9f46-4a4b-b29d-d0ac9621b120"
            },
            "timeout": 300,
            "url": "https://CE8CDCDAABAFA1225D889C991E9509E0.gr7.us-west-1.eks.amazonaws.com/healthz"
          },
          "sensitive_attributes": []
        }
      ]
    },
    {
      "module": "module.eks",
      "mode": "managed",
      "type": "aws_autoscaling_group",
      "name": "workers",
      "provider": "provider[\"registry.terraform.io/hashicorp/aws\"]",
      "instances": [
        {
          "index_key": 0,
          "schema_version": 0,
          "attributes": {
            "arn": "arn:aws:autoscaling:us-west-1:223363613223:autoScalingGroup:d4505e71-836a-4d30-821f-936bef3560a5:autoScalingGroupName/DWP-CV-dev-3D9Nfn8e-worker-group-120220318120221423600000018",
            "availability_zones": [
              "us-west-1a",
              "us-west-1b"
            ],
            "capacity_rebalance": false,
            "default_cooldown": 300,
            "desired_capacity": 2,
            "enabled_metrics": null,
            "force_delete": false,
            "force_delete_warm_pool": false,
            "health_check_grace_period": 300,
            "health_check_type": "EC2",
            "id": "DWP-CV-dev-3D9Nfn8e-worker-group-120220318120221423600000018",
            "initial_lifecycle_hook": [],
            "instance_refresh": [],
            "launch_configuration": "DWP-CV-dev-3D9Nfn8e-worker-group-120220318120207483900000015",
            "launch_template": [],
            "load_balancers": null,
            "max_instance_lifetime": 0,
            "max_size": 3,
            "metrics_granularity": "1Minute",
            "min_elb_capacity": null,
            "min_size": 2,
            "mixed_instances_policy": [],
            "name": "DWP-CV-dev-3D9Nfn8e-worker-group-120220318120221423600000018",
            "name_prefix": "DWP-CV-dev-3D9Nfn8e-worker-group-1",
            "placement_group": "",
            "protect_from_scale_in": false,
            "service_linked_role_arn": "arn:aws:iam::223363613223:role/aws-service-role/autoscaling.amazonaws.com/AWSServiceRoleForAutoScaling",
            "suspended_processes": [
              "AZRebalance"
            ],
            "tag": [
              {
                "key": "Name",
                "propagate_at_launch": true,
                "value": "DWP-CV-dev-3D9Nfn8e-worker-group-1-eks_asg"
              },
              {
                "key": "k8s.io/cluster/DWP-CV-dev-3D9Nfn8e",
                "propagate_at_launch": true,
                "value": "owned"
              },
              {
                "key": "kubernetes.io/cluster/DWP-CV-dev-3D9Nfn8e",
                "propagate_at_launch": true,
                "value": "owned"
              }
            ],
            "tags": null,
            "target_group_arns": null,
            "termination_policies": [],
            "timeouts": null,
            "vpc_zone_identifier": [
              "subnet-008b5b5647ad8b644",
              "subnet-0814786b59164905e",
              "subnet-0c44adf4ed52091a2"
            ],
            "wait_for_capacity_timeout": "10m",
            "wait_for_elb_capacity": null,
            "warm_pool": []
          },
          "sensitive_attributes": [],
          "private": "eyJlMmJmYjczMC1lY2FhLTExZTYtOGY4OC0zNDM2M2JjN2M0YzAiOnsiZGVsZXRlIjo2MDAwMDAwMDAwMDB9fQ==",
          "dependencies": [
            "aws_security_group.worker_group_mgmt_one",
            "aws_security_group.worker_group_mgmt_two",
            "data.aws_subnets.private",
            "data.aws_vpc.cluster_vpc",
            "module.eks.aws_cloudwatch_log_group.this",
            "module.eks.aws_eks_cluster.this",
            "module.eks.aws_iam_instance_profile.workers",
            "module.eks.aws_iam_role.cluster",
            "module.eks.aws_iam_role.workers",
            "module.eks.aws_iam_role_policy_attachment.cluster_AmazonEKSClusterPolicy",
            "module.eks.aws_iam_role_policy_attachment.cluster_AmazonEKSServicePolicy",
            "module.eks.aws_iam_role_policy_attachment.cluster_AmazonEKSVPCResourceControllerPolicy",
            "module.eks.aws_iam_role_policy_attachment.workers_AmazonEC2ContainerRegistryReadOnly",
            "module.eks.aws_iam_role_policy_attachment.workers_AmazonEKSWorkerNodePolicy",
            "module.eks.aws_iam_role_policy_attachment.workers_AmazonEKS_CNI_Policy",
            "module.eks.aws_iam_role_policy_attachment.workers_additional_policies",
            "module.eks.aws_launch_configuration.workers",
            "module.eks.aws_security_group.cluster",
            "module.eks.aws_security_group.workers",
            "module.eks.aws_security_group_rule.cluster_egress_internet",
            "module.eks.aws_security_group_rule.cluster_https_worker_ingress",
            "module.eks.aws_security_group_rule.cluster_primary_ingress_workers",
            "module.eks.aws_security_group_rule.workers_egress_internet",
            "module.eks.aws_security_group_rule.workers_ingress_cluster",
            "module.eks.aws_security_group_rule.workers_ingress_cluster_https",
            "module.eks.aws_security_group_rule.workers_ingress_cluster_kubelet",
            "module.eks.aws_security_group_rule.workers_ingress_cluster_primary",
            "module.eks.aws_security_group_rule.workers_ingress_self",
            "module.eks.data.aws_ami.eks_worker",
            "module.eks.data.aws_ami.eks_worker_windows",
            "module.eks.data.aws_iam_instance_profile.custom_worker_group_iam_instance_profile",
            "module.eks.data.aws_iam_policy_document.cluster_assume_role_policy",
            "module.eks.data.aws_iam_policy_document.workers_assume_role_policy",
            "module.eks.data.aws_iam_role.custom_cluster_iam_role",
            "module.eks.data.aws_partition.current",
            "random_string.suffix"
          ],
          "create_before_destroy": true
        },
        {
          "index_key": 1,
          "schema_version": 0,
          "attributes": {
            "arn": "arn:aws:autoscaling:us-west-1:223363613223:autoScalingGroup:b8dbc90c-668a-44de-a149-dddf92b54a9d:autoScalingGroupName/DWP-CV-dev-3D9Nfn8e-worker-group-220220318120221422300000017",
            "availability_zones": [
              "us-west-1a",
              "us-west-1b"
            ],
            "capacity_rebalance": false,
            "default_cooldown": 300,
            "desired_capacity": 1,
            "enabled_metrics": null,
            "force_delete": false,
            "force_delete_warm_pool": false,
            "health_check_grace_period": 300,
            "health_check_type": "EC2",
            "id": "DWP-CV-dev-3D9Nfn8e-worker-group-220220318120221422300000017",
            "initial_lifecycle_hook": [],
            "instance_refresh": [],
            "launch_configuration": "DWP-CV-dev-3D9Nfn8e-worker-group-220220318120207484700000016",
            "launch_template": [],
            "load_balancers": null,
            "max_instance_lifetime": 0,
            "max_size": 1,
            "metrics_granularity": "1Minute",
            "min_elb_capacity": null,
            "min_size": 1,
            "mixed_instances_policy": [],
            "name": "DWP-CV-dev-3D9Nfn8e-worker-group-220220318120221422300000017",
            "name_prefix": "DWP-CV-dev-3D9Nfn8e-worker-group-2",
            "placement_group": "",
            "protect_from_scale_in": false,
            "service_linked_role_arn": "arn:aws:iam::223363613223:role/aws-service-role/autoscaling.amazonaws.com/AWSServiceRoleForAutoScaling",
            "suspended_processes": [
              "AZRebalance"
            ],
            "tag": [
              {
                "key": "Name",
                "propagate_at_launch": true,
                "value": "DWP-CV-dev-3D9Nfn8e-worker-group-2-eks_asg"
              },
              {
                "key": "k8s.io/cluster/DWP-CV-dev-3D9Nfn8e",
                "propagate_at_launch": true,
                "value": "owned"
              },
              {
                "key": "kubernetes.io/cluster/DWP-CV-dev-3D9Nfn8e",
                "propagate_at_launch": true,
                "value": "owned"
              }
            ],
            "tags": null,
            "target_group_arns": null,
            "termination_policies": [],
            "timeouts": null,
            "vpc_zone_identifier": [
              "subnet-008b5b5647ad8b644",
              "subnet-0814786b59164905e",
              "subnet-0c44adf4ed52091a2"
            ],
            "wait_for_capacity_timeout": "10m",
            "wait_for_elb_capacity": null,
            "warm_pool": []
          },
          "sensitive_attributes": [],
          "private": "eyJlMmJmYjczMC1lY2FhLTExZTYtOGY4OC0zNDM2M2JjN2M0YzAiOnsiZGVsZXRlIjo2MDAwMDAwMDAwMDB9fQ==",
          "dependencies": [
            "aws_security_group.worker_group_mgmt_one",
            "aws_security_group.worker_group_mgmt_two",
            "data.aws_subnets.private",
            "data.aws_vpc.cluster_vpc",
            "module.eks.aws_cloudwatch_log_group.this",
            "module.eks.aws_eks_cluster.this",
            "module.eks.aws_iam_instance_profile.workers",
            "module.eks.aws_iam_role.cluster",
            "module.eks.aws_iam_role.workers",
            "module.eks.aws_iam_role_policy_attachment.cluster_AmazonEKSClusterPolicy",
            "module.eks.aws_iam_role_policy_attachment.cluster_AmazonEKSServicePolicy",
            "module.eks.aws_iam_role_policy_attachment.cluster_AmazonEKSVPCResourceControllerPolicy",
            "module.eks.aws_iam_role_policy_attachment.workers_AmazonEC2ContainerRegistryReadOnly",
            "module.eks.aws_iam_role_policy_attachment.workers_AmazonEKSWorkerNodePolicy",
            "module.eks.aws_iam_role_policy_attachment.workers_AmazonEKS_CNI_Policy",
            "module.eks.aws_iam_role_policy_attachment.workers_additional_policies",
            "module.eks.aws_launch_configuration.workers",
            "module.eks.aws_security_group.cluster",
            "module.eks.aws_security_group.workers",
            "module.eks.aws_security_group_rule.cluster_egress_internet",
            "module.eks.aws_security_group_rule.cluster_https_worker_ingress",
            "module.eks.aws_security_group_rule.cluster_primary_ingress_workers",
            "module.eks.aws_security_group_rule.workers_egress_internet",
            "module.eks.aws_security_group_rule.workers_ingress_cluster",
            "module.eks.aws_security_group_rule.workers_ingress_cluster_https",
            "module.eks.aws_security_group_rule.workers_ingress_cluster_kubelet",
            "module.eks.aws_security_group_rule.workers_ingress_cluster_primary",
            "module.eks.aws_security_group_rule.workers_ingress_self",
            "module.eks.data.aws_ami.eks_worker",
            "module.eks.data.aws_ami.eks_worker_windows",
            "module.eks.data.aws_iam_instance_profile.custom_worker_group_iam_instance_profile",
            "module.eks.data.aws_iam_policy_document.cluster_assume_role_policy",
            "module.eks.data.aws_iam_policy_document.workers_assume_role_policy",
            "module.eks.data.aws_iam_role.custom_cluster_iam_role",
            "module.eks.data.aws_partition.current",
            "random_string.suffix"
          ],
          "create_before_destroy": true
        }
      ]
    },
    {
      "module": "module.eks",
      "mode": "managed",
      "type": "aws_eks_cluster",
      "name": "this",
      "provider": "provider[\"registry.terraform.io/hashicorp/aws\"]",
      "instances": [
        {
          "index_key": 0,
          "schema_version": 0,
          "attributes": {
            "arn": "arn:aws:eks:us-west-1:223363613223:cluster/DWP-CV-dev-3D9Nfn8e",
            "certificate_authority": [
              {
                "data": "LS0tLS1CRUdJTiBDRVJUSUZJQ0FURS0tLS0tCk1JSUM1ekNDQWMrZ0F3SUJBZ0lCQURBTkJna3Foa2lHOXcwQkFRc0ZBREFWTVJNd0VRWURWUVFERXdwcmRXSmwKY201bGRHVnpNQjRYRFRJeU1ETXhPREV4TlRnME5Wb1hEVE15TURNeE5URXhOVGcwTlZvd0ZURVRNQkVHQTFVRQpBeE1LYTNWaVpYSnVaWFJsY3pDQ0FTSXdEUVlKS29aSWh2Y05BUUVCQlFBRGdnRVBBRENDQVFvQ2dnRUJBTXExCkxPNlE0UVFCVlQ4M09LNHpNaEVGVzhaZG5aMVRqbU9SdWJrMU1XVVdJVWRlUVhBQ2cyTjE5OGRhL0pYc1pvZGkKdkhDcnlGMVJwWWlKNDNvKzljTTN0L1dGbzllNE5VR0VVcG9BcmIyV3VXYlJPQm0vRmhTU2l0RnAwSDFROUdnMApab0x0N0VjdkNwTkhmbk1tU2NudjZiM1ovSjB2UlV0cndIQ243Y25qQVVHYnkwMU5LOEN2OC9kN08wWkNXRmJuCk9HNi9TQ09rRWRFb1piY2FaWGIxREwvTWhNc1NpbHF4eWh5RDAweE0zandvODZmQnNXOXc2TWJ1ZllPV0lEREUKTmZ1Sms2QkVvQzl6aG1qa08ydUlDdjlBUVg4ZVZVRXNlV1NqdXlUMXFzWFBscFlDaW9vNmtKMHFLdG5zekhGcApIZ08rYUJxNDlpbEZnNlR6NyswQ0F3RUFBYU5DTUVBd0RnWURWUjBQQVFIL0JBUURBZ0trTUE4R0ExVWRFd0VCCi93UUZNQU1CQWY4d0hRWURWUjBPQkJZRUZDcTgxRGtmQzR4dS8zUnhJREtsQVprdlplTlhNQTBHQ1NxR1NJYjMKRFFFQkN3VUFBNElCQVFDd2oxMWNhUWEzaDNWbWY4YmxqNTRZYWxDTUgyakxZcnlUa3VRNFlsTitGcnJVQzVlNwpFREVxbDNFN0NmM1dueHNZR3dGRUF5aWJMV1dyaVl3L1RydGtjUGw5amhaeGtybGlNeUw4VThRTjZ3MjJHN1lYCm9ta2lsWTRuTTNPbnhLR1Ura2NLbWh2S2E1ZHV0em1vbjI3WU9DTHVFdXo5TlRrb2pvUFVacy9vUFpaRzgwTnkKTHUwSDdnSXMzNFJydkhwS1dDK085aDhINitROGM1emNQb0VFK3FPNHV4bm1OOWg0YWxMUTh6Z2FQRURkVjRZVgoxc2JxOHE2MjRsNGdEcWtCeWVBWWNlaHBXWEk3NUVVaU1LdXo0TW1MTURjWmVLU0lWVUh4WXJHMVduY1RjVERvCmEvV3N5VmIvU0RLWjBMakZMTmVnZTgwMUZqaEZQRE0xcGluKwotLS0tLUVORCBDRVJUSUZJQ0FURS0tLS0tCg=="
              }
            ],
            "created_at": "2022-03-18 11:53:20.306 +0000 UTC",
            "enabled_cluster_log_types": null,
            "encryption_config": [],
            "endpoint": "https://CE8CDCDAABAFA1225D889C991E9509E0.gr7.us-west-1.eks.amazonaws.com",
            "id": "DWP-CV-dev-3D9Nfn8e",
            "identity": [
              {
                "oidc": [
                  {
                    "issuer": "https://oidc.eks.us-west-1.amazonaws.com/id/CE8CDCDAABAFA1225D889C991E9509E0"
                  }
                ]
              }
            ],
            "kubernetes_network_config": [
              {
                "ip_family": "ipv4",
                "service_ipv4_cidr": "172.20.0.0/16"
              }
            ],
            "name": "DWP-CV-dev-3D9Nfn8e",
            "platform_version": "eks.4",
            "role_arn": "arn:aws:iam::223363613223:role/DWP-CV-dev-3D9Nfn8e20220318115311848600000008",
            "status": "ACTIVE",
            "tags": null,
            "tags_all": {},
            "timeouts": {
              "create": "30m",
              "delete": "15m",
              "update": "60m"
            },
            "version": "1.20",
            "vpc_config": [
              {
                "cluster_security_group_id": "sg-0ce3b4c825fed6208",
                "endpoint_private_access": false,
                "endpoint_public_access": true,
                "public_access_cidrs": [
                  "0.0.0.0/0"
                ],
                "security_group_ids": [
                  "sg-07d85a6f6a62cb383"
                ],
                "subnet_ids": [
                  "subnet-008b5b5647ad8b644",
                  "subnet-0814786b59164905e",
                  "subnet-0c44adf4ed52091a2"
                ],
                "vpc_id": "vpc-0eb89abc55a15bbe0"
              }
            ]
          },
          "sensitive_attributes": [],
          "private": "eyJlMmJmYjczMC1lY2FhLTExZTYtOGY4OC0zNDM2M2JjN2M0YzAiOnsiY3JlYXRlIjoxODAwMDAwMDAwMDAwLCJkZWxldGUiOjkwMDAwMDAwMDAwMCwidXBkYXRlIjozNjAwMDAwMDAwMDAwfX0=",
          "dependencies": [
            "data.aws_subnets.private",
            "data.aws_vpc.cluster_vpc",
            "module.eks.aws_cloudwatch_log_group.this",
            "module.eks.aws_iam_role.cluster",
            "module.eks.aws_iam_role_policy_attachment.cluster_AmazonEKSClusterPolicy",
            "module.eks.aws_iam_role_policy_attachment.cluster_AmazonEKSServicePolicy",
            "module.eks.aws_iam_role_policy_attachment.cluster_AmazonEKSVPCResourceControllerPolicy",
            "module.eks.aws_security_group.cluster",
            "module.eks.aws_security_group.workers",
            "module.eks.aws_security_group_rule.cluster_egress_internet",
            "module.eks.aws_security_group_rule.cluster_https_worker_ingress",
            "module.eks.data.aws_iam_policy_document.cluster_assume_role_policy",
            "module.eks.data.aws_iam_role.custom_cluster_iam_role",
            "module.eks.data.aws_partition.current",
            "random_string.suffix"
          ],
          "create_before_destroy": true
        }
      ]
    },
    {
      "module": "module.eks",
      "mode": "managed",
      "type": "aws_iam_instance_profile",
      "name": "workers",
      "provider": "provider[\"registry.terraform.io/hashicorp/aws\"]",
      "instances": [
        {
          "index_key": 0,
          "schema_version": 0,
          "attributes": {
            "arn": "arn:aws:iam::223363613223:instance-profile/DWP-CV-dev-3D9Nfn8e20220318120206376900000010",
            "create_date": "2022-03-18T12:02:06Z",
            "id": "DWP-CV-dev-3D9Nfn8e20220318120206376900000010",
            "name": "DWP-CV-dev-3D9Nfn8e20220318120206376900000010",
            "name_prefix": "DWP-CV-dev-3D9Nfn8e",
            "path": "/",
            "role": "DWP-CV-dev-3D9Nfn8e2022031812020454950000000f",
            "tags": null,
            "tags_all": {},
            "unique_id": "AIPATIAMCIITVHXNK5KPF"
          },
          "sensitive_attributes": [],
          "private": "bnVsbA==",
          "dependencies": [
            "aws_security_group.worker_group_mgmt_one",
            "aws_security_group.worker_group_mgmt_two",
            "data.aws_subnets.private",
            "data.aws_vpc.cluster_vpc",
            "module.eks.aws_cloudwatch_log_group.this",
            "module.eks.aws_eks_cluster.this",
            "module.eks.aws_iam_role.cluster",
            "module.eks.aws_iam_role.workers",
            "module.eks.aws_iam_role_policy_attachment.cluster_AmazonEKSClusterPolicy",
            "module.eks.aws_iam_role_policy_attachment.cluster_AmazonEKSServicePolicy",
            "module.eks.aws_iam_role_policy_attachment.cluster_AmazonEKSVPCResourceControllerPolicy",
            "module.eks.aws_security_group.cluster",
            "module.eks.aws_security_group.workers",
            "module.eks.aws_security_group_rule.cluster_egress_internet",
            "module.eks.aws_security_group_rule.cluster_https_worker_ingress",
            "module.eks.data.aws_iam_policy_document.cluster_assume_role_policy",
            "module.eks.data.aws_iam_policy_document.workers_assume_role_policy",
            "module.eks.data.aws_iam_role.custom_cluster_iam_role",
            "module.eks.data.aws_partition.current",
            "random_string.suffix"
          ],
          "create_before_destroy": true
        },
        {
          "index_key": 1,
          "schema_version": 0,
          "attributes": {
            "arn": "arn:aws:iam::223363613223:instance-profile/DWP-CV-dev-3D9Nfn8e20220318120206377500000011",
            "create_date": "2022-03-18T12:02:06Z",
            "id": "DWP-CV-dev-3D9Nfn8e20220318120206377500000011",
            "name": "DWP-CV-dev-3D9Nfn8e20220318120206377500000011",
            "name_prefix": "DWP-CV-dev-3D9Nfn8e",
            "path": "/",
            "role": "DWP-CV-dev-3D9Nfn8e2022031812020454950000000f",
            "tags": null,
            "tags_all": {},
            "unique_id": "AIPATIAMCIITQVSGVBR2N"
          },
          "sensitive_attributes": [],
          "private": "bnVsbA==",
          "dependencies": [
            "aws_security_group.worker_group_mgmt_one",
            "aws_security_group.worker_group_mgmt_two",
            "data.aws_subnets.private",
            "data.aws_vpc.cluster_vpc",
            "module.eks.aws_cloudwatch_log_group.this",
            "module.eks.aws_eks_cluster.this",
            "module.eks.aws_iam_role.cluster",
            "module.eks.aws_iam_role.workers",
            "module.eks.aws_iam_role_policy_attachment.cluster_AmazonEKSClusterPolicy",
            "module.eks.aws_iam_role_policy_attachment.cluster_AmazonEKSServicePolicy",
            "module.eks.aws_iam_role_policy_attachment.cluster_AmazonEKSVPCResourceControllerPolicy",
            "module.eks.aws_security_group.cluster",
            "module.eks.aws_security_group.workers",
            "module.eks.aws_security_group_rule.cluster_egress_internet",
            "module.eks.aws_security_group_rule.cluster_https_worker_ingress",
            "module.eks.data.aws_iam_policy_document.cluster_assume_role_policy",
            "module.eks.data.aws_iam_policy_document.workers_assume_role_policy",
            "module.eks.data.aws_iam_role.custom_cluster_iam_role",
            "module.eks.data.aws_partition.current",
            "random_string.suffix"
          ],
          "create_before_destroy": true
        }
      ]
    },
    {
      "module": "module.eks",
      "mode": "managed",
      "type": "aws_iam_policy",
      "name": "cluster_deny_log_group",
      "provider": "provider[\"registry.terraform.io/hashicorp/aws\"]",
      "instances": [
        {
          "index_key": 0,
          "schema_version": 0,
          "attributes": {
            "arn": "arn:aws:iam::223363613223:policy/DWP-CV-dev-3D9Nfn8e-deny-log-group20220318115311847800000007",
            "description": "Deny CreateLogGroup",
            "id": "arn:aws:iam::223363613223:policy/DWP-CV-dev-3D9Nfn8e-deny-log-group20220318115311847800000007",
            "name": "DWP-CV-dev-3D9Nfn8e-deny-log-group20220318115311847800000007",
            "name_prefix": "DWP-CV-dev-3D9Nfn8e-deny-log-group",
            "path": "/",
            "policy": "{\"Statement\":[{\"Action\":\"logs:CreateLogGroup\",\"Effect\":\"Deny\",\"Resource\":\"*\",\"Sid\":\"\"}],\"Version\":\"2012-10-17\"}",
            "policy_id": "ANPATIAMCIITTIJNBC2C7",
            "tags": null,
            "tags_all": {}
          },
          "sensitive_attributes": [],
          "private": "bnVsbA==",
          "dependencies": [
            "module.eks.data.aws_iam_policy_document.cluster_deny_log_group",
            "random_string.suffix"
          ]
        }
      ]
    },
    {
      "module": "module.eks",
      "mode": "managed",
      "type": "aws_iam_policy",
      "name": "cluster_elb_sl_role_creation",
      "provider": "provider[\"registry.terraform.io/hashicorp/aws\"]",
      "instances": [
        {
          "index_key": 0,
          "schema_version": 0,
          "attributes": {
            "arn": "arn:aws:iam::223363613223:policy/DWP-CV-dev-3D9Nfn8e-elb-sl-role-creation20220318115311821900000001",
            "description": "Permissions for EKS to create AWSServiceRoleForElasticLoadBalancing service-linked role",
            "id": "arn:aws:iam::223363613223:policy/DWP-CV-dev-3D9Nfn8e-elb-sl-role-creation20220318115311821900000001",
            "name": "DWP-CV-dev-3D9Nfn8e-elb-sl-role-creation20220318115311821900000001",
            "name_prefix": "DWP-CV-dev-3D9Nfn8e-elb-sl-role-creation",
            "path": "/",
            "policy": "{\"Statement\":[{\"Action\":[\"ec2:DescribeInternetGateways\",\"ec2:DescribeAddresses\",\"ec2:DescribeAccountAttributes\"],\"Effect\":\"Allow\",\"Resource\":\"*\",\"Sid\":\"\"}],\"Version\":\"2012-10-17\"}",
            "policy_id": "ANPATIAMCIIT6KF2VSPAG",
            "tags": null,
            "tags_all": {}
          },
          "sensitive_attributes": [],
          "private": "bnVsbA==",
          "dependencies": [
            "module.eks.data.aws_iam_policy_document.cluster_elb_sl_role_creation",
            "random_string.suffix"
          ]
        }
      ]
    },
    {
      "module": "module.eks",
      "mode": "managed",
      "type": "aws_iam_role",
      "name": "cluster",
      "provider": "provider[\"registry.terraform.io/hashicorp/aws\"]",
      "instances": [
        {
          "index_key": 0,
          "schema_version": 0,
          "attributes": {
            "arn": "arn:aws:iam::223363613223:role/DWP-CV-dev-3D9Nfn8e20220318115311848600000008",
            "assume_role_policy": "{\"Version\":\"2012-10-17\",\"Statement\":[{\"Sid\":\"EKSClusterAssumeRole\",\"Effect\":\"Allow\",\"Principal\":{\"Service\":\"eks.amazonaws.com\"},\"Action\":\"sts:AssumeRole\"}]}",
            "create_date": "2022-03-18T11:53:12Z",
            "description": "",
            "force_detach_policies": true,
            "id": "DWP-CV-dev-3D9Nfn8e20220318115311848600000008",
            "inline_policy": [
              {
                "name": "",
                "policy": ""
              }
            ],
            "managed_policy_arns": [],
            "max_session_duration": 3600,
            "name": "DWP-CV-dev-3D9Nfn8e20220318115311848600000008",
            "name_prefix": "DWP-CV-dev-3D9Nfn8e",
            "path": "/",
            "permissions_boundary": null,
            "tags": null,
            "tags_all": {},
            "unique_id": "AROATIAMCIIT7PS2IXIN2"
          },
          "sensitive_attributes": [],
          "private": "bnVsbA==",
          "dependencies": [
            "module.eks.data.aws_iam_policy_document.cluster_assume_role_policy",
            "random_string.suffix"
          ],
          "create_before_destroy": true
        }
      ]
    },
    {
      "module": "module.eks",
      "mode": "managed",
      "type": "aws_iam_role",
      "name": "workers",
      "provider": "provider[\"registry.terraform.io/hashicorp/aws\"]",
      "instances": [
        {
          "index_key": 0,
          "schema_version": 0,
          "attributes": {
            "arn": "arn:aws:iam::223363613223:role/DWP-CV-dev-3D9Nfn8e2022031812020454950000000f",
            "assume_role_policy": "{\"Version\":\"2012-10-17\",\"Statement\":[{\"Sid\":\"EKSWorkerAssumeRole\",\"Effect\":\"Allow\",\"Principal\":{\"Service\":\"ec2.amazonaws.com\"},\"Action\":\"sts:AssumeRole\"}]}",
            "create_date": "2022-03-18T12:02:05Z",
            "description": "",
            "force_detach_policies": true,
            "id": "DWP-CV-dev-3D9Nfn8e2022031812020454950000000f",
            "inline_policy": [
              {
                "name": "",
                "policy": ""
              }
            ],
            "managed_policy_arns": [],
            "max_session_duration": 3600,
            "name": "DWP-CV-dev-3D9Nfn8e2022031812020454950000000f",
            "name_prefix": "DWP-CV-dev-3D9Nfn8e",
            "path": "/",
            "permissions_boundary": null,
            "tags": null,
            "tags_all": {},
            "unique_id": "AROATIAMCIIT23WSIUN3I"
          },
          "sensitive_attributes": [],
          "private": "bnVsbA==",
          "dependencies": [
            "data.aws_subnets.private",
            "data.aws_vpc.cluster_vpc",
            "module.eks.aws_cloudwatch_log_group.this",
            "module.eks.aws_eks_cluster.this",
            "module.eks.aws_iam_role.cluster",
            "module.eks.aws_iam_role_policy_attachment.cluster_AmazonEKSClusterPolicy",
            "module.eks.aws_iam_role_policy_attachment.cluster_AmazonEKSServicePolicy",
            "module.eks.aws_iam_role_policy_attachment.cluster_AmazonEKSVPCResourceControllerPolicy",
            "module.eks.aws_security_group.cluster",
            "module.eks.aws_security_group.workers",
            "module.eks.aws_security_group_rule.cluster_egress_internet",
            "module.eks.aws_security_group_rule.cluster_https_worker_ingress",
            "module.eks.data.aws_iam_policy_document.cluster_assume_role_policy",
            "module.eks.data.aws_iam_policy_document.workers_assume_role_policy",
            "module.eks.data.aws_iam_role.custom_cluster_iam_role",
            "module.eks.data.aws_partition.current",
            "random_string.suffix"
          ],
          "create_before_destroy": true
        }
      ]
    },
    {
      "module": "module.eks",
      "mode": "managed",
      "type": "aws_iam_role_policy_attachment",
      "name": "cluster_AmazonEKSClusterPolicy",
      "provider": "provider[\"registry.terraform.io/hashicorp/aws\"]",
      "instances": [
        {
          "index_key": 0,
          "schema_version": 0,
          "attributes": {
            "id": "DWP-CV-dev-3D9Nfn8e20220318115311848600000008-2022031811531374260000000b",
            "policy_arn": "arn:aws:iam::aws:policy/AmazonEKSClusterPolicy",
            "role": "DWP-CV-dev-3D9Nfn8e20220318115311848600000008"
          },
          "sensitive_attributes": [],
          "private": "bnVsbA==",
          "dependencies": [
            "module.eks.aws_iam_role.cluster",
            "module.eks.data.aws_iam_policy_document.cluster_assume_role_policy",
            "module.eks.data.aws_partition.current",
            "random_string.suffix"
          ],
          "create_before_destroy": true
        }
      ]
    },
    {
      "module": "module.eks",
      "mode": "managed",
      "type": "aws_iam_role_policy_attachment",
      "name": "cluster_AmazonEKSServicePolicy",
      "provider": "provider[\"registry.terraform.io/hashicorp/aws\"]",
      "instances": [
        {
          "index_key": 0,
          "schema_version": 0,
          "attributes": {
            "id": "DWP-CV-dev-3D9Nfn8e20220318115311848600000008-2022031811531410380000000d",
            "policy_arn": "arn:aws:iam::aws:policy/AmazonEKSServicePolicy",
            "role": "DWP-CV-dev-3D9Nfn8e20220318115311848600000008"
          },
          "sensitive_attributes": [],
          "private": "bnVsbA==",
          "dependencies": [
            "module.eks.aws_iam_role.cluster",
            "module.eks.data.aws_iam_policy_document.cluster_assume_role_policy",
            "module.eks.data.aws_partition.current",
            "random_string.suffix"
          ],
          "create_before_destroy": true
        }
      ]
    },
    {
      "module": "module.eks",
      "mode": "managed",
      "type": "aws_iam_role_policy_attachment",
      "name": "cluster_AmazonEKSVPCResourceControllerPolicy",
      "provider": "provider[\"registry.terraform.io/hashicorp/aws\"]",
      "instances": [
        {
          "index_key": 0,
          "schema_version": 0,
          "attributes": {
            "id": "DWP-CV-dev-3D9Nfn8e20220318115311848600000008-2022031811531420590000000e",
            "policy_arn": "arn:aws:iam::aws:policy/AmazonEKSVPCResourceController",
            "role": "DWP-CV-dev-3D9Nfn8e20220318115311848600000008"
          },
          "sensitive_attributes": [],
          "private": "bnVsbA==",
          "dependencies": [
            "module.eks.aws_iam_role.cluster",
            "module.eks.data.aws_iam_policy_document.cluster_assume_role_policy",
            "module.eks.data.aws_partition.current",
            "random_string.suffix"
          ],
          "create_before_destroy": true
        }
      ]
    },
    {
      "module": "module.eks",
      "mode": "managed",
      "type": "aws_iam_role_policy_attachment",
      "name": "cluster_deny_log_group",
      "provider": "provider[\"registry.terraform.io/hashicorp/aws\"]",
      "instances": [
        {
          "index_key": 0,
          "schema_version": 0,
          "attributes": {
            "id": "DWP-CV-dev-3D9Nfn8e20220318115311848600000008-2022031811531375470000000c",
            "policy_arn": "arn:aws:iam::223363613223:policy/DWP-CV-dev-3D9Nfn8e-deny-log-group20220318115311847800000007",
            "role": "DWP-CV-dev-3D9Nfn8e20220318115311848600000008"
          },
          "sensitive_attributes": [],
          "private": "bnVsbA==",
          "dependencies": [
            "module.eks.aws_iam_policy.cluster_deny_log_group",
            "module.eks.aws_iam_role.cluster",
            "module.eks.data.aws_iam_policy_document.cluster_assume_role_policy",
            "module.eks.data.aws_iam_policy_document.cluster_deny_log_group",
            "random_string.suffix"
          ]
        }
      ]
    },
    {
      "module": "module.eks",
      "mode": "managed",
      "type": "aws_iam_role_policy_attachment",
      "name": "cluster_elb_sl_role_creation",
      "provider": "provider[\"registry.terraform.io/hashicorp/aws\"]",
      "instances": [
        {
          "index_key": 0,
          "schema_version": 0,
          "attributes": {
            "id": "DWP-CV-dev-3D9Nfn8e20220318115311848600000008-2022031811531373810000000a",
            "policy_arn": "arn:aws:iam::223363613223:policy/DWP-CV-dev-3D9Nfn8e-elb-sl-role-creation20220318115311821900000001",
            "role": "DWP-CV-dev-3D9Nfn8e20220318115311848600000008"
          },
          "sensitive_attributes": [],
          "private": "bnVsbA==",
          "dependencies": [
            "module.eks.aws_iam_policy.cluster_elb_sl_role_creation",
            "module.eks.aws_iam_role.cluster",
            "module.eks.data.aws_iam_policy_document.cluster_assume_role_policy",
            "module.eks.data.aws_iam_policy_document.cluster_elb_sl_role_creation",
            "random_string.suffix"
          ]
        }
      ]
    },
    {
      "module": "module.eks",
      "mode": "managed",
      "type": "aws_iam_role_policy_attachment",
      "name": "workers_AmazonEC2ContainerRegistryReadOnly",
      "provider": "provider[\"registry.terraform.io/hashicorp/aws\"]",
      "instances": [
        {
          "index_key": 0,
          "schema_version": 0,
          "attributes": {
            "id": "DWP-CV-dev-3D9Nfn8e2022031812020454950000000f-20220318120207034500000014",
            "policy_arn": "arn:aws:iam::aws:policy/AmazonEC2ContainerRegistryReadOnly",
            "role": "DWP-CV-dev-3D9Nfn8e2022031812020454950000000f"
          },
          "sensitive_attributes": [],
          "private": "bnVsbA==",
          "dependencies": [
            "data.aws_subnets.private",
            "data.aws_vpc.cluster_vpc",
            "module.eks.aws_cloudwatch_log_group.this",
            "module.eks.aws_eks_cluster.this",
            "module.eks.aws_iam_role.cluster",
            "module.eks.aws_iam_role.workers",
            "module.eks.aws_iam_role_policy_attachment.cluster_AmazonEKSClusterPolicy",
            "module.eks.aws_iam_role_policy_attachment.cluster_AmazonEKSServicePolicy",
            "module.eks.aws_iam_role_policy_attachment.cluster_AmazonEKSVPCResourceControllerPolicy",
            "module.eks.aws_security_group.cluster",
            "module.eks.aws_security_group.workers",
            "module.eks.aws_security_group_rule.cluster_egress_internet",
            "module.eks.aws_security_group_rule.cluster_https_worker_ingress",
            "module.eks.data.aws_iam_policy_document.cluster_assume_role_policy",
            "module.eks.data.aws_iam_policy_document.workers_assume_role_policy",
            "module.eks.data.aws_iam_role.custom_cluster_iam_role",
            "module.eks.data.aws_partition.current",
            "random_string.suffix"
          ],
          "create_before_destroy": true
        }
      ]
    },
    {
      "module": "module.eks",
      "mode": "managed",
      "type": "aws_iam_role_policy_attachment",
      "name": "workers_AmazonEKSWorkerNodePolicy",
      "provider": "provider[\"registry.terraform.io/hashicorp/aws\"]",
      "instances": [
        {
          "index_key": 0,
          "schema_version": 0,
          "attributes": {
            "id": "DWP-CV-dev-3D9Nfn8e2022031812020454950000000f-20220318120206769400000013",
            "policy_arn": "arn:aws:iam::aws:policy/AmazonEKSWorkerNodePolicy",
            "role": "DWP-CV-dev-3D9Nfn8e2022031812020454950000000f"
          },
          "sensitive_attributes": [],
          "private": "bnVsbA==",
          "dependencies": [
            "data.aws_subnets.private",
            "data.aws_vpc.cluster_vpc",
            "module.eks.aws_cloudwatch_log_group.this",
            "module.eks.aws_eks_cluster.this",
            "module.eks.aws_iam_role.cluster",
            "module.eks.aws_iam_role.workers",
            "module.eks.aws_iam_role_policy_attachment.cluster_AmazonEKSClusterPolicy",
            "module.eks.aws_iam_role_policy_attachment.cluster_AmazonEKSServicePolicy",
            "module.eks.aws_iam_role_policy_attachment.cluster_AmazonEKSVPCResourceControllerPolicy",
            "module.eks.aws_security_group.cluster",
            "module.eks.aws_security_group.workers",
            "module.eks.aws_security_group_rule.cluster_egress_internet",
            "module.eks.aws_security_group_rule.cluster_https_worker_ingress",
            "module.eks.data.aws_iam_policy_document.cluster_assume_role_policy",
            "module.eks.data.aws_iam_policy_document.workers_assume_role_policy",
            "module.eks.data.aws_iam_role.custom_cluster_iam_role",
            "module.eks.data.aws_partition.current",
            "random_string.suffix"
          ],
          "create_before_destroy": true
        }
      ]
    },
    {
      "module": "module.eks",
      "mode": "managed",
      "type": "aws_iam_role_policy_attachment",
      "name": "workers_AmazonEKS_CNI_Policy",
      "provider": "provider[\"registry.terraform.io/hashicorp/aws\"]",
      "instances": [
        {
          "index_key": 0,
          "schema_version": 0,
          "attributes": {
            "id": "DWP-CV-dev-3D9Nfn8e2022031812020454950000000f-20220318120206575500000012",
            "policy_arn": "arn:aws:iam::aws:policy/AmazonEKS_CNI_Policy",
            "role": "DWP-CV-dev-3D9Nfn8e2022031812020454950000000f"
          },
          "sensitive_attributes": [],
          "private": "bnVsbA==",
          "dependencies": [
            "data.aws_subnets.private",
            "data.aws_vpc.cluster_vpc",
            "module.eks.aws_cloudwatch_log_group.this",
            "module.eks.aws_eks_cluster.this",
            "module.eks.aws_iam_role.cluster",
            "module.eks.aws_iam_role.workers",
            "module.eks.aws_iam_role_policy_attachment.cluster_AmazonEKSClusterPolicy",
            "module.eks.aws_iam_role_policy_attachment.cluster_AmazonEKSServicePolicy",
            "module.eks.aws_iam_role_policy_attachment.cluster_AmazonEKSVPCResourceControllerPolicy",
            "module.eks.aws_security_group.cluster",
            "module.eks.aws_security_group.workers",
            "module.eks.aws_security_group_rule.cluster_egress_internet",
            "module.eks.aws_security_group_rule.cluster_https_worker_ingress",
            "module.eks.data.aws_iam_policy_document.cluster_assume_role_policy",
            "module.eks.data.aws_iam_policy_document.workers_assume_role_policy",
            "module.eks.data.aws_iam_role.custom_cluster_iam_role",
            "module.eks.data.aws_partition.current",
            "random_string.suffix"
          ],
          "create_before_destroy": true
        }
      ]
    },
    {
      "module": "module.eks",
      "mode": "managed",
      "type": "aws_launch_configuration",
      "name": "workers",
      "provider": "provider[\"registry.terraform.io/hashicorp/aws\"]",
      "instances": [
        {
          "index_key": 0,
          "schema_version": 0,
          "attributes": {
            "arn": "arn:aws:autoscaling:us-west-1:223363613223:launchConfiguration:ba3787a8-c6c5-4458-9e2f-b652601e11ab:launchConfigurationName/DWP-CV-dev-3D9Nfn8e-worker-group-120220318120207483900000015",
            "associate_public_ip_address": false,
            "ebs_block_device": [],
            "ebs_optimized": true,
            "enable_monitoring": true,
            "ephemeral_block_device": [],
            "iam_instance_profile": "DWP-CV-dev-3D9Nfn8e20220318120206376900000010",
            "id": "DWP-CV-dev-3D9Nfn8e-worker-group-120220318120207483900000015",
            "image_id": "ami-0f5c90b239ef42365",
            "instance_type": "m5.large",
            "key_name": "",
            "metadata_options": [
              {
                "http_endpoint": "enabled",
                "http_put_response_hop_limit": 1,
                "http_tokens": "optional"
              }
            ],
            "name": "DWP-CV-dev-3D9Nfn8e-worker-group-120220318120207483900000015",
            "name_prefix": "DWP-CV-dev-3D9Nfn8e-worker-group-1",
            "placement_tenancy": "",
            "root_block_device": [
              {
                "delete_on_termination": true,
                "encrypted": false,
                "iops": 0,
                "throughput": 0,
                "volume_size": 100,
                "volume_type": "gp2"
              }
            ],
            "security_groups": [
              "sg-0717d8170fdb87c52",
              "sg-0842d8788703773a1"
            ],
            "spot_price": "",
            "user_data": null,
            "user_data_base64": "IyEvYmluL2Jhc2ggLWUKCiMgQWxsb3cgdXNlciBzdXBwbGllZCBwcmUgdXNlcmRhdGEgY29kZQoKCiMgQm9vdHN0cmFwIGFuZCBqb2luIHRoZSBjbHVzdGVyCi9ldGMvZWtzL2Jvb3RzdHJhcC5zaCAtLWI2NC1jbHVzdGVyLWNhICdMUzB0TFMxQ1JVZEpUaUJEUlZKVVNVWkpRMEZVUlMwdExTMHRDazFKU1VNMWVrTkRRV01yWjBGM1NVSkJaMGxDUVVSQlRrSm5hM0ZvYTJsSE9YY3dRa0ZSYzBaQlJFRldUVkpOZDBWUldVUldVVkZFUlhkd2NtUlhTbXdLWTIwMWJHUkhWbnBOUWpSWVJGUkplVTFFVFhoUFJFVjRUbFJuTUU1V2IxaEVWRTE1VFVSTmVFNVVSWGhPVkdjd1RsWnZkMFpVUlZSTlFrVkhRVEZWUlFwQmVFMUxZVE5XYVZwWVNuVmFXRkpzWTNwRFEwRlRTWGRFVVZsS1MyOWFTV2gyWTA1QlVVVkNRbEZCUkdkblJWQkJSRU5EUVZGdlEyZG5SVUpCVFhFeENreFBObEUwVVZGQ1ZsUTRNMDlMTkhwTmFFVkdWemhhWkc1YU1WUnFiVTlTZFdKck1VMVhWVmRKVldSbFVWaEJRMmN5VGpFNU9HUmhMMHBZYzFwdlpHa0tka2hEY25sR01WSndXV2xLTkROdkt6bGpUVE4wTDFkR2J6bGxORTVWUjBWVmNHOUJjbUl5VjNWWFlsSlBRbTB2Um1oVFUybDBSbkF3U0RGUk9VZG5NQXBhYjB4ME4wVmpka053VGtobWJrMXRVMk51ZGpaaU0xb3ZTakIyVWxWMGNuZElRMjQzWTI1cVFWVkhZbmt3TVU1TE9FTjJPQzlrTjA4d1drTlhSbUp1Q2s5SE5pOVRRMDlyUldSRmIxcGlZMkZhV0dJeFJFd3ZUV2hOYzFOcGJIRjRlV2g1UkRBd2VFMHphbmR2T0RabVFuTlhPWGMyVFdKMVpsbFBWMGxFUkVVS1RtWjFTbXMyUWtWdlF6bDZhRzFxYTA4eWRVbERkamxCVVZnNFpWWlZSWE5sVjFOcWRYbFVNWEZ6V0ZCc2NGbERhVzl2Tm10S01IRkxkRzV6ZWtoR2NBcElaMDhyWVVKeE5EbHBiRVpuTmxSNk55c3dRMEYzUlVGQllVNURUVVZCZDBSbldVUldVakJRUVZGSUwwSkJVVVJCWjB0clRVRTRSMEV4VldSRmQwVkNDaTkzVVVaTlFVMUNRV1k0ZDBoUldVUldVakJQUWtKWlJVWkRjVGd4Ukd0bVF6UjRkUzh6VW5oSlJFdHNRVnByZGxwbFRsaE5RVEJIUTFOeFIxTkpZak1LUkZGRlFrTjNWVUZCTkVsQ1FWRkRkMm94TVdOaFVXRXphRE5XYldZNFlteHFOVFJaWVd4RFRVZ3lha3haY25sVWEzVlJORmxzVGl0R2NuSlZRelZsTndwRlJFVnhiRE5GTjBObU0xZHVlSE5aUjNkR1JVRjVhV0pNVjFkeWFWbDNMMVJ5ZEd0alVHdzVhbWhhZUd0eWJHbE5lVXc0VlRoUlRqWjNNakpITjFsWUNtOXRhMmxzV1RSdVRUTlBibmhMUjFVcmEyTkxiV2gyUzJFMVpIVjBlbTF2YmpJM1dVOURUSFZGZFhvNVRsUnJiMnB2VUZWYWN5OXZVRnBhUnpnd1Rua0tUSFV3U0RkblNYTXpORkp5ZGtod1MxZERLMDg1YURoSU5pdFJPR00xZW1OUWIwVkZLM0ZQTkhWNGJtMU9PV2cwWVd4TVVUaDZaMkZRUlVSa1ZqUlpWZ294YzJKeE9IRTJNalJzTkdkRWNXdENlV1ZCV1dObGFIQlhXRWszTlVWVmFVMUxkWG8wVFcxTVRVUmpXbVZMVTBsV1ZVaDRXWEpITVZkdVkxUmpWRVJ2Q21FdlYzTjVWbUl2VTBSTFdqQk1ha1pNVG1WblpUZ3dNVVpxYUVaUVJFMHhjR2x1S3dvdExTMHRMVVZPUkNCRFJWSlVTVVpKUTBGVVJTMHRMUzB0Q2c9PScgLS1hcGlzZXJ2ZXItZW5kcG9pbnQgJ2h0dHBzOi8vQ0U4Q0RDREFBQkFGQTEyMjVEODg5Qzk5MUU5NTA5RTAuZ3I3LnVzLXdlc3QtMS5la3MuYW1hem9uYXdzLmNvbScgIC0ta3ViZWxldC1leHRyYS1hcmdzICIiICdEV1AtQ1YtZGV2LTNEOU5mbjhlJwoKIyBBbGxvdyB1c2VyIHN1cHBsaWVkIHVzZXJkYXRhIGNvZGUKZWNobyBEV1AgQ0MK",
            "vpc_classic_link_id": "",
            "vpc_classic_link_security_groups": null
          },
          "sensitive_attributes": [],
          "private": "bnVsbA==",
          "dependencies": [
            "aws_security_group.worker_group_mgmt_one",
            "aws_security_group.worker_group_mgmt_two",
            "data.aws_subnets.private",
            "data.aws_vpc.cluster_vpc",
            "module.eks.aws_cloudwatch_log_group.this",
            "module.eks.aws_eks_cluster.this",
            "module.eks.aws_iam_instance_profile.workers",
            "module.eks.aws_iam_role.cluster",
            "module.eks.aws_iam_role.workers",
            "module.eks.aws_iam_role_policy_attachment.cluster_AmazonEKSClusterPolicy",
            "module.eks.aws_iam_role_policy_attachment.cluster_AmazonEKSServicePolicy",
            "module.eks.aws_iam_role_policy_attachment.cluster_AmazonEKSVPCResourceControllerPolicy",
            "module.eks.aws_iam_role_policy_attachment.workers_AmazonEC2ContainerRegistryReadOnly",
            "module.eks.aws_iam_role_policy_attachment.workers_AmazonEKSWorkerNodePolicy",
            "module.eks.aws_iam_role_policy_attachment.workers_AmazonEKS_CNI_Policy",
            "module.eks.aws_iam_role_policy_attachment.workers_additional_policies",
            "module.eks.aws_security_group.cluster",
            "module.eks.aws_security_group.workers",
            "module.eks.aws_security_group_rule.cluster_egress_internet",
            "module.eks.aws_security_group_rule.cluster_https_worker_ingress",
            "module.eks.aws_security_group_rule.cluster_primary_ingress_workers",
            "module.eks.aws_security_group_rule.workers_egress_internet",
            "module.eks.aws_security_group_rule.workers_ingress_cluster",
            "module.eks.aws_security_group_rule.workers_ingress_cluster_https",
            "module.eks.aws_security_group_rule.workers_ingress_cluster_kubelet",
            "module.eks.aws_security_group_rule.workers_ingress_cluster_primary",
            "module.eks.aws_security_group_rule.workers_ingress_self",
            "module.eks.data.aws_ami.eks_worker",
            "module.eks.data.aws_ami.eks_worker_windows",
            "module.eks.data.aws_iam_instance_profile.custom_worker_group_iam_instance_profile",
            "module.eks.data.aws_iam_policy_document.cluster_assume_role_policy",
            "module.eks.data.aws_iam_policy_document.workers_assume_role_policy",
            "module.eks.data.aws_iam_role.custom_cluster_iam_role",
            "module.eks.data.aws_partition.current",
            "random_string.suffix"
          ],
          "create_before_destroy": true
        },
        {
          "index_key": 1,
          "schema_version": 0,
          "attributes": {
            "arn": "arn:aws:autoscaling:us-west-1:223363613223:launchConfiguration:d2c8801a-0bc3-42c3-99fd-4f2a8dc5f135:launchConfigurationName/DWP-CV-dev-3D9Nfn8e-worker-group-220220318120207484700000016",
            "associate_public_ip_address": false,
            "ebs_block_device": [],
            "ebs_optimized": true,
            "enable_monitoring": true,
            "ephemeral_block_device": [],
            "iam_instance_profile": "DWP-CV-dev-3D9Nfn8e20220318120206377500000011",
            "id": "DWP-CV-dev-3D9Nfn8e-worker-group-220220318120207484700000016",
            "image_id": "ami-0f5c90b239ef42365",
            "instance_type": "m5.large",
            "key_name": "",
            "metadata_options": [
              {
                "http_endpoint": "enabled",
                "http_put_response_hop_limit": 1,
                "http_tokens": "optional"
              }
            ],
            "name": "DWP-CV-dev-3D9Nfn8e-worker-group-220220318120207484700000016",
            "name_prefix": "DWP-CV-dev-3D9Nfn8e-worker-group-2",
            "placement_tenancy": "",
            "root_block_device": [
              {
                "delete_on_termination": true,
                "encrypted": false,
                "iops": 0,
                "throughput": 0,
                "volume_size": 100,
                "volume_type": "gp2"
              }
            ],
            "security_groups": [
              "sg-0842d8788703773a1",
              "sg-0d863e8bc5b0c8cfe"
            ],
            "spot_price": "",
            "user_data": null,
            "user_data_base64": "IyEvYmluL2Jhc2ggLWUKCiMgQWxsb3cgdXNlciBzdXBwbGllZCBwcmUgdXNlcmRhdGEgY29kZQoKCiMgQm9vdHN0cmFwIGFuZCBqb2luIHRoZSBjbHVzdGVyCi9ldGMvZWtzL2Jvb3RzdHJhcC5zaCAtLWI2NC1jbHVzdGVyLWNhICdMUzB0TFMxQ1JVZEpUaUJEUlZKVVNVWkpRMEZVUlMwdExTMHRDazFKU1VNMWVrTkRRV01yWjBGM1NVSkJaMGxDUVVSQlRrSm5hM0ZvYTJsSE9YY3dRa0ZSYzBaQlJFRldUVkpOZDBWUldVUldVVkZFUlhkd2NtUlhTbXdLWTIwMWJHUkhWbnBOUWpSWVJGUkplVTFFVFhoUFJFVjRUbFJuTUU1V2IxaEVWRTE1VFVSTmVFNVVSWGhPVkdjd1RsWnZkMFpVUlZSTlFrVkhRVEZWUlFwQmVFMUxZVE5XYVZwWVNuVmFXRkpzWTNwRFEwRlRTWGRFVVZsS1MyOWFTV2gyWTA1QlVVVkNRbEZCUkdkblJWQkJSRU5EUVZGdlEyZG5SVUpCVFhFeENreFBObEUwVVZGQ1ZsUTRNMDlMTkhwTmFFVkdWemhhWkc1YU1WUnFiVTlTZFdKck1VMVhWVmRKVldSbFVWaEJRMmN5VGpFNU9HUmhMMHBZYzFwdlpHa0tka2hEY25sR01WSndXV2xLTkROdkt6bGpUVE4wTDFkR2J6bGxORTVWUjBWVmNHOUJjbUl5VjNWWFlsSlBRbTB2Um1oVFUybDBSbkF3U0RGUk9VZG5NQXBhYjB4ME4wVmpka053VGtobWJrMXRVMk51ZGpaaU0xb3ZTakIyVWxWMGNuZElRMjQzWTI1cVFWVkhZbmt3TVU1TE9FTjJPQzlrTjA4d1drTlhSbUp1Q2s5SE5pOVRRMDlyUldSRmIxcGlZMkZhV0dJeFJFd3ZUV2hOYzFOcGJIRjRlV2g1UkRBd2VFMHphbmR2T0RabVFuTlhPWGMyVFdKMVpsbFBWMGxFUkVVS1RtWjFTbXMyUWtWdlF6bDZhRzFxYTA4eWRVbERkamxCVVZnNFpWWlZSWE5sVjFOcWRYbFVNWEZ6V0ZCc2NGbERhVzl2Tm10S01IRkxkRzV6ZWtoR2NBcElaMDhyWVVKeE5EbHBiRVpuTmxSNk55c3dRMEYzUlVGQllVNURUVVZCZDBSbldVUldVakJRUVZGSUwwSkJVVVJCWjB0clRVRTRSMEV4VldSRmQwVkNDaTkzVVVaTlFVMUNRV1k0ZDBoUldVUldVakJQUWtKWlJVWkRjVGd4Ukd0bVF6UjRkUzh6VW5oSlJFdHNRVnByZGxwbFRsaE5RVEJIUTFOeFIxTkpZak1LUkZGRlFrTjNWVUZCTkVsQ1FWRkRkMm94TVdOaFVXRXphRE5XYldZNFlteHFOVFJaWVd4RFRVZ3lha3haY25sVWEzVlJORmxzVGl0R2NuSlZRelZsTndwRlJFVnhiRE5GTjBObU0xZHVlSE5aUjNkR1JVRjVhV0pNVjFkeWFWbDNMMVJ5ZEd0alVHdzVhbWhhZUd0eWJHbE5lVXc0VlRoUlRqWjNNakpITjFsWUNtOXRhMmxzV1RSdVRUTlBibmhMUjFVcmEyTkxiV2gyUzJFMVpIVjBlbTF2YmpJM1dVOURUSFZGZFhvNVRsUnJiMnB2VUZWYWN5OXZVRnBhUnpnd1Rua0tUSFV3U0RkblNYTXpORkp5ZGtod1MxZERLMDg1YURoSU5pdFJPR00xZW1OUWIwVkZLM0ZQTkhWNGJtMU9PV2cwWVd4TVVUaDZaMkZRUlVSa1ZqUlpWZ294YzJKeE9IRTJNalJzTkdkRWNXdENlV1ZCV1dObGFIQlhXRWszTlVWVmFVMUxkWG8wVFcxTVRVUmpXbVZMVTBsV1ZVaDRXWEpITVZkdVkxUmpWRVJ2Q21FdlYzTjVWbUl2VTBSTFdqQk1ha1pNVG1WblpUZ3dNVVpxYUVaUVJFMHhjR2x1S3dvdExTMHRMVVZPUkNCRFJWSlVTVVpKUTBGVVJTMHRMUzB0Q2c9PScgLS1hcGlzZXJ2ZXItZW5kcG9pbnQgJ2h0dHBzOi8vQ0U4Q0RDREFBQkFGQTEyMjVEODg5Qzk5MUU5NTA5RTAuZ3I3LnVzLXdlc3QtMS5la3MuYW1hem9uYXdzLmNvbScgIC0ta3ViZWxldC1leHRyYS1hcmdzICIiICdEV1AtQ1YtZGV2LTNEOU5mbjhlJwoKIyBBbGxvdyB1c2VyIHN1cHBsaWVkIHVzZXJkYXRhIGNvZGUKZWNobyBEV1AgQ0MK",
            "vpc_classic_link_id": "",
            "vpc_classic_link_security_groups": null
          },
          "sensitive_attributes": [],
          "private": "bnVsbA==",
          "dependencies": [
            "aws_security_group.worker_group_mgmt_one",
            "aws_security_group.worker_group_mgmt_two",
            "data.aws_subnets.private",
            "data.aws_vpc.cluster_vpc",
            "module.eks.aws_cloudwatch_log_group.this",
            "module.eks.aws_eks_cluster.this",
            "module.eks.aws_iam_instance_profile.workers",
            "module.eks.aws_iam_role.cluster",
            "module.eks.aws_iam_role.workers",
            "module.eks.aws_iam_role_policy_attachment.cluster_AmazonEKSClusterPolicy",
            "module.eks.aws_iam_role_policy_attachment.cluster_AmazonEKSServicePolicy",
            "module.eks.aws_iam_role_policy_attachment.cluster_AmazonEKSVPCResourceControllerPolicy",
            "module.eks.aws_iam_role_policy_attachment.workers_AmazonEC2ContainerRegistryReadOnly",
            "module.eks.aws_iam_role_policy_attachment.workers_AmazonEKSWorkerNodePolicy",
            "module.eks.aws_iam_role_policy_attachment.workers_AmazonEKS_CNI_Policy",
            "module.eks.aws_iam_role_policy_attachment.workers_additional_policies",
            "module.eks.aws_security_group.cluster",
            "module.eks.aws_security_group.workers",
            "module.eks.aws_security_group_rule.cluster_egress_internet",
            "module.eks.aws_security_group_rule.cluster_https_worker_ingress",
            "module.eks.aws_security_group_rule.cluster_primary_ingress_workers",
            "module.eks.aws_security_group_rule.workers_egress_internet",
            "module.eks.aws_security_group_rule.workers_ingress_cluster",
            "module.eks.aws_security_group_rule.workers_ingress_cluster_https",
            "module.eks.aws_security_group_rule.workers_ingress_cluster_kubelet",
            "module.eks.aws_security_group_rule.workers_ingress_cluster_primary",
            "module.eks.aws_security_group_rule.workers_ingress_self",
            "module.eks.data.aws_ami.eks_worker",
            "module.eks.data.aws_ami.eks_worker_windows",
            "module.eks.data.aws_iam_instance_profile.custom_worker_group_iam_instance_profile",
            "module.eks.data.aws_iam_policy_document.cluster_assume_role_policy",
            "module.eks.data.aws_iam_policy_document.workers_assume_role_policy",
            "module.eks.data.aws_iam_role.custom_cluster_iam_role",
            "module.eks.data.aws_partition.current",
            "random_string.suffix"
          ],
          "create_before_destroy": true
        }
      ]
    },
    {
      "module": "module.eks",
      "mode": "managed",
      "type": "aws_security_group",
      "name": "cluster",
      "provider": "provider[\"registry.terraform.io/hashicorp/aws\"]",
      "instances": [
        {
          "index_key": 0,
          "schema_version": 1,
          "attributes": {
            "arn": "arn:aws:ec2:us-west-1:223363613223:security-group/sg-07d85a6f6a62cb383",
            "description": "EKS cluster security group.",
            "egress": [],
            "id": "sg-07d85a6f6a62cb383",
            "ingress": [],
            "name": "DWP-CV-dev-3D9Nfn8e20220318115311845100000005",
            "name_prefix": "DWP-CV-dev-3D9Nfn8e",
            "owner_id": "223363613223",
            "revoke_rules_on_delete": false,
            "tags": {
              "Name": "DWP-CV-dev-3D9Nfn8e-eks_cluster_sg"
            },
            "tags_all": {
              "Name": "DWP-CV-dev-3D9Nfn8e-eks_cluster_sg"
            },
            "timeouts": null,
            "vpc_id": "vpc-0eb89abc55a15bbe0"
          },
          "sensitive_attributes": [],
          "private": "eyJlMmJmYjczMC1lY2FhLTExZTYtOGY4OC0zNDM2M2JjN2M0YzAiOnsiY3JlYXRlIjo2MDAwMDAwMDAwMDAsImRlbGV0ZSI6OTAwMDAwMDAwMDAwfSwic2NoZW1hX3ZlcnNpb24iOiIxIn0=",
          "dependencies": [
            "data.aws_vpc.cluster_vpc",
            "random_string.suffix"
          ],
          "create_before_destroy": true
        }
      ]
    },
    {
      "module": "module.eks",
      "mode": "managed",
      "type": "aws_security_group",
      "name": "workers",
      "provider": "provider[\"registry.terraform.io/hashicorp/aws\"]",
      "instances": [
        {
          "index_key": 0,
          "schema_version": 1,
          "attributes": {
            "arn": "arn:aws:ec2:us-west-1:223363613223:security-group/sg-0842d8788703773a1",
            "description": "Security group for all nodes in the cluster.",
            "egress": [],
            "id": "sg-0842d8788703773a1",
            "ingress": [],
            "name": "DWP-CV-dev-3D9Nfn8e20220318115311844200000004",
            "name_prefix": "DWP-CV-dev-3D9Nfn8e",
            "owner_id": "223363613223",
            "revoke_rules_on_delete": false,
            "tags": {
              "Name": "DWP-CV-dev-3D9Nfn8e-eks_worker_sg",
              "kubernetes.io/cluster/DWP-CV-dev-3D9Nfn8e": "owned"
            },
            "tags_all": {
              "Name": "DWP-CV-dev-3D9Nfn8e-eks_worker_sg",
              "kubernetes.io/cluster/DWP-CV-dev-3D9Nfn8e": "owned"
            },
            "timeouts": null,
            "vpc_id": "vpc-0eb89abc55a15bbe0"
          },
          "sensitive_attributes": [],
          "private": "eyJlMmJmYjczMC1lY2FhLTExZTYtOGY4OC0zNDM2M2JjN2M0YzAiOnsiY3JlYXRlIjo2MDAwMDAwMDAwMDAsImRlbGV0ZSI6OTAwMDAwMDAwMDAwfSwic2NoZW1hX3ZlcnNpb24iOiIxIn0=",
          "dependencies": [
            "data.aws_vpc.cluster_vpc",
            "random_string.suffix"
          ],
          "create_before_destroy": true
        }
      ]
    },
    {
      "module": "module.eks",
      "mode": "managed",
      "type": "aws_security_group_rule",
      "name": "cluster_egress_internet",
      "provider": "provider[\"registry.terraform.io/hashicorp/aws\"]",
      "instances": [
        {
          "index_key": 0,
          "schema_version": 2,
          "attributes": {
            "cidr_blocks": [
              "0.0.0.0/0"
            ],
            "description": "Allow cluster egress access to the Internet.",
            "from_port": 0,
            "id": "sgrule-855089958",
            "ipv6_cidr_blocks": null,
            "prefix_list_ids": null,
            "protocol": "-1",
            "security_group_id": "sg-07d85a6f6a62cb383",
            "self": false,
            "source_security_group_id": null,
            "to_port": 0,
            "type": "egress"
          },
          "sensitive_attributes": [],
          "private": "eyJzY2hlbWFfdmVyc2lvbiI6IjIifQ==",
          "dependencies": [
            "data.aws_vpc.cluster_vpc",
            "module.eks.aws_security_group.cluster",
            "random_string.suffix"
          ],
          "create_before_destroy": true
        }
      ]
    },
    {
      "module": "module.eks",
      "mode": "managed",
      "type": "aws_security_group_rule",
      "name": "cluster_https_worker_ingress",
      "provider": "provider[\"registry.terraform.io/hashicorp/aws\"]",
      "instances": [
        {
          "index_key": 0,
          "schema_version": 2,
          "attributes": {
            "cidr_blocks": null,
            "description": "Allow pods to communicate with the EKS cluster API.",
            "from_port": 443,
            "id": "sgrule-3539609429",
            "ipv6_cidr_blocks": null,
            "prefix_list_ids": null,
            "protocol": "tcp",
            "security_group_id": "sg-07d85a6f6a62cb383",
            "self": false,
            "source_security_group_id": "sg-0842d8788703773a1",
            "to_port": 443,
            "type": "ingress"
          },
          "sensitive_attributes": [],
          "private": "eyJzY2hlbWFfdmVyc2lvbiI6IjIifQ==",
          "dependencies": [
            "data.aws_vpc.cluster_vpc",
            "module.eks.aws_security_group.cluster",
            "module.eks.aws_security_group.workers",
            "random_string.suffix"
          ],
          "create_before_destroy": true
        }
      ]
    },
    {
      "module": "module.eks",
      "mode": "managed",
      "type": "aws_security_group_rule",
      "name": "workers_egress_internet",
      "provider": "provider[\"registry.terraform.io/hashicorp/aws\"]",
      "instances": [
        {
          "index_key": 0,
          "schema_version": 2,
          "attributes": {
            "cidr_blocks": [
              "0.0.0.0/0"
            ],
            "description": "Allow nodes all egress to the Internet.",
            "from_port": 0,
            "id": "sgrule-4056851388",
            "ipv6_cidr_blocks": null,
            "prefix_list_ids": null,
            "protocol": "-1",
            "security_group_id": "sg-0842d8788703773a1",
            "self": false,
            "source_security_group_id": null,
            "to_port": 0,
            "type": "egress"
          },
          "sensitive_attributes": [],
          "private": "eyJzY2hlbWFfdmVyc2lvbiI6IjIifQ==",
          "dependencies": [
            "data.aws_vpc.cluster_vpc",
            "module.eks.aws_security_group.workers",
            "random_string.suffix"
          ],
          "create_before_destroy": true
        }
      ]
    },
    {
      "module": "module.eks",
      "mode": "managed",
      "type": "aws_security_group_rule",
      "name": "workers_ingress_cluster",
      "provider": "provider[\"registry.terraform.io/hashicorp/aws\"]",
      "instances": [
        {
          "index_key": 0,
          "schema_version": 2,
          "attributes": {
            "cidr_blocks": null,
            "description": "Allow workers pods to receive communication from the cluster control plane.",
            "from_port": 1025,
            "id": "sgrule-2096878766",
            "ipv6_cidr_blocks": null,
            "prefix_list_ids": null,
            "protocol": "tcp",
            "security_group_id": "sg-0842d8788703773a1",
            "self": false,
            "source_security_group_id": "sg-07d85a6f6a62cb383",
            "to_port": 65535,
            "type": "ingress"
          },
          "sensitive_attributes": [],
          "private": "eyJzY2hlbWFfdmVyc2lvbiI6IjIifQ==",
          "dependencies": [
            "data.aws_vpc.cluster_vpc",
            "module.eks.aws_security_group.cluster",
            "module.eks.aws_security_group.workers",
            "random_string.suffix"
          ],
          "create_before_destroy": true
        }
      ]
    },
    {
      "module": "module.eks",
      "mode": "managed",
      "type": "aws_security_group_rule",
      "name": "workers_ingress_cluster_https",
      "provider": "provider[\"registry.terraform.io/hashicorp/aws\"]",
      "instances": [
        {
          "index_key": 0,
          "schema_version": 2,
          "attributes": {
            "cidr_blocks": null,
            "description": "Allow pods running extension API servers on port 443 to receive communication from cluster control plane.",
            "from_port": 443,
            "id": "sgrule-1284946614",
            "ipv6_cidr_blocks": null,
            "prefix_list_ids": null,
            "protocol": "tcp",
            "security_group_id": "sg-0842d8788703773a1",
            "self": false,
            "source_security_group_id": "sg-07d85a6f6a62cb383",
            "to_port": 443,
            "type": "ingress"
          },
          "sensitive_attributes": [],
          "private": "eyJzY2hlbWFfdmVyc2lvbiI6IjIifQ==",
          "dependencies": [
            "data.aws_vpc.cluster_vpc",
            "module.eks.aws_security_group.cluster",
            "module.eks.aws_security_group.workers",
            "random_string.suffix"
          ],
          "create_before_destroy": true
        }
      ]
    },
    {
      "module": "module.eks",
      "mode": "managed",
      "type": "aws_security_group_rule",
      "name": "workers_ingress_self",
      "provider": "provider[\"registry.terraform.io/hashicorp/aws\"]",
      "instances": [
        {
          "index_key": 0,
          "schema_version": 2,
          "attributes": {
            "cidr_blocks": null,
            "description": "Allow node to communicate with each other.",
            "from_port": 0,
            "id": "sgrule-669636134",
            "ipv6_cidr_blocks": null,
            "prefix_list_ids": null,
            "protocol": "-1",
            "security_group_id": "sg-0842d8788703773a1",
            "self": false,
            "source_security_group_id": "sg-0842d8788703773a1",
            "to_port": 65535,
            "type": "ingress"
          },
          "sensitive_attributes": [],
          "private": "eyJzY2hlbWFfdmVyc2lvbiI6IjIifQ==",
          "dependencies": [
            "data.aws_vpc.cluster_vpc",
            "module.eks.aws_security_group.workers",
            "random_string.suffix"
          ],
          "create_before_destroy": true
        }
      ]
    },
    {
      "module": "module.eks",
      "mode": "managed",
      "type": "kubernetes_config_map",
      "name": "aws_auth",
      "provider": "provider[\"registry.terraform.io/hashicorp/kubernetes\"]",
      "instances": [
        {
          "index_key": 0,
          "schema_version": 0,
          "attributes": {
            "binary_data": null,
            "data": {
              "mapAccounts": "[]\n",
              "mapRoles": "- \"groups\":\n  - \"system:bootstrappers\"\n  - \"system:nodes\"\n  \"rolearn\": \"arn:aws:iam::223363613223:role/DWP-CV-dev-3D9Nfn8e2022031812020454950000000f\"\n  \"username\": \"system:node:{{EC2PrivateDNSName}}\"\n",
              "mapUsers": "[]\n"
            },
            "id": "kube-system/aws-auth",
            "metadata": [
              {
                "annotations": null,
                "generate_name": "",
                "generation": 0,
                "labels": {
                  "app.kubernetes.io/managed-by": "Terraform",
                  "terraform.io/module": "terraform-aws-modules.eks.aws"
                },
                "name": "aws-auth",
                "namespace": "kube-system",
                "resource_version": "656",
                "uid": "7fba0108-fde7-4ad4-a201-df5c05129ab5"
              }
            ]
          },
          "sensitive_attributes": [],
          "private": "bnVsbA==",
          "dependencies": [
            "aws_security_group.worker_group_mgmt_one",
            "aws_security_group.worker_group_mgmt_two",
            "data.aws_eks_cluster.cluster",
            "data.aws_eks_cluster_auth.cluster",
            "data.aws_subnets.private",
            "data.aws_vpc.cluster_vpc",
            "module.eks.aws_cloudwatch_log_group.this",
            "module.eks.aws_eks_cluster.this",
            "module.eks.aws_iam_instance_profile.workers",
            "module.eks.aws_iam_instance_profile.workers_launch_template",
            "module.eks.aws_iam_role.cluster",
            "module.eks.aws_iam_role.workers",
            "module.eks.aws_iam_role_policy_attachment.cluster_AmazonEKSClusterPolicy",
            "module.eks.aws_iam_role_policy_attachment.cluster_AmazonEKSServicePolicy",
            "module.eks.aws_iam_role_policy_attachment.cluster_AmazonEKSVPCResourceControllerPolicy",
            "module.eks.aws_iam_role_policy_attachment.workers_AmazonEC2ContainerRegistryReadOnly",
            "module.eks.aws_iam_role_policy_attachment.workers_AmazonEKSWorkerNodePolicy",
            "module.eks.aws_iam_role_policy_attachment.workers_AmazonEKS_CNI_Policy",
            "module.eks.aws_security_group.cluster",
            "module.eks.aws_security_group.workers",
            "module.eks.aws_security_group_rule.cluster_egress_internet",
            "module.eks.aws_security_group_rule.cluster_https_worker_ingress",
            "module.eks.aws_security_group_rule.cluster_private_access_cidrs_source",
            "module.eks.aws_security_group_rule.cluster_private_access_sg_source",
            "module.eks.data.aws_ami.eks_worker",
            "module.eks.data.aws_ami.eks_worker_windows",
            "module.eks.data.aws_caller_identity.current",
            "module.eks.data.aws_iam_instance_profile.custom_worker_group_iam_instance_profile",
            "module.eks.data.aws_iam_instance_profile.custom_worker_group_launch_template_iam_instance_profile",
            "module.eks.data.aws_iam_policy_document.cluster_assume_role_policy",
            "module.eks.data.aws_iam_policy_document.workers_assume_role_policy",
            "module.eks.data.aws_iam_role.custom_cluster_iam_role",
            "module.eks.data.aws_partition.current",
            "module.eks.data.http.wait_for_cluster",
            "module.eks.module.fargate.aws_iam_role.eks_fargate_pod",
            "module.eks.module.fargate.data.aws_iam_role.custom_fargate_iam_role",
            "random_string.suffix"
          ]
        }
      ]
    },
    {
      "module": "module.eks",
      "mode": "managed",
      "type": "local_file",
      "name": "kubeconfig",
      "provider": "provider[\"registry.terraform.io/hashicorp/local\"]",
      "instances": [
        {
          "index_key": 0,
          "schema_version": 0,
          "attributes": {
            "content": "apiVersion: v1\npreferences: {}\nkind: Config\n\nclusters:\n- cluster:\n    server: https://CE8CDCDAABAFA1225D889C991E9509E0.gr7.us-west-1.eks.amazonaws.com\n    certificate-authority-data: LS0tLS1CRUdJTiBDRVJUSUZJQ0FURS0tLS0tCk1JSUM1ekNDQWMrZ0F3SUJBZ0lCQURBTkJna3Foa2lHOXcwQkFRc0ZBREFWTVJNd0VRWURWUVFERXdwcmRXSmwKY201bGRHVnpNQjRYRFRJeU1ETXhPREV4TlRnME5Wb1hEVE15TURNeE5URXhOVGcwTlZvd0ZURVRNQkVHQTFVRQpBeE1LYTNWaVpYSnVaWFJsY3pDQ0FTSXdEUVlKS29aSWh2Y05BUUVCQlFBRGdnRVBBRENDQVFvQ2dnRUJBTXExCkxPNlE0UVFCVlQ4M09LNHpNaEVGVzhaZG5aMVRqbU9SdWJrMU1XVVdJVWRlUVhBQ2cyTjE5OGRhL0pYc1pvZGkKdkhDcnlGMVJwWWlKNDNvKzljTTN0L1dGbzllNE5VR0VVcG9BcmIyV3VXYlJPQm0vRmhTU2l0RnAwSDFROUdnMApab0x0N0VjdkNwTkhmbk1tU2NudjZiM1ovSjB2UlV0cndIQ243Y25qQVVHYnkwMU5LOEN2OC9kN08wWkNXRmJuCk9HNi9TQ09rRWRFb1piY2FaWGIxREwvTWhNc1NpbHF4eWh5RDAweE0zandvODZmQnNXOXc2TWJ1ZllPV0lEREUKTmZ1Sms2QkVvQzl6aG1qa08ydUlDdjlBUVg4ZVZVRXNlV1NqdXlUMXFzWFBscFlDaW9vNmtKMHFLdG5zekhGcApIZ08rYUJxNDlpbEZnNlR6NyswQ0F3RUFBYU5DTUVBd0RnWURWUjBQQVFIL0JBUURBZ0trTUE4R0ExVWRFd0VCCi93UUZNQU1CQWY4d0hRWURWUjBPQkJZRUZDcTgxRGtmQzR4dS8zUnhJREtsQVprdlplTlhNQTBHQ1NxR1NJYjMKRFFFQkN3VUFBNElCQVFDd2oxMWNhUWEzaDNWbWY4YmxqNTRZYWxDTUgyakxZcnlUa3VRNFlsTitGcnJVQzVlNwpFREVxbDNFN0NmM1dueHNZR3dGRUF5aWJMV1dyaVl3L1RydGtjUGw5amhaeGtybGlNeUw4VThRTjZ3MjJHN1lYCm9ta2lsWTRuTTNPbnhLR1Ura2NLbWh2S2E1ZHV0em1vbjI3WU9DTHVFdXo5TlRrb2pvUFVacy9vUFpaRzgwTnkKTHUwSDdnSXMzNFJydkhwS1dDK085aDhINitROGM1emNQb0VFK3FPNHV4bm1OOWg0YWxMUTh6Z2FQRURkVjRZVgoxc2JxOHE2MjRsNGdEcWtCeWVBWWNlaHBXWEk3NUVVaU1LdXo0TW1MTURjWmVLU0lWVUh4WXJHMVduY1RjVERvCmEvV3N5VmIvU0RLWjBMakZMTmVnZTgwMUZqaEZQRE0xcGluKwotLS0tLUVORCBDRVJUSUZJQ0FURS0tLS0tCg==\n  name: eks_DWP-CV-dev-3D9Nfn8e\n\ncontexts:\n- context:\n    cluster: eks_DWP-CV-dev-3D9Nfn8e\n    user: eks_DWP-CV-dev-3D9Nfn8e\n  name: eks_DWP-CV-dev-3D9Nfn8e\n\ncurrent-context: eks_DWP-CV-dev-3D9Nfn8e\n\nusers:\n- name: eks_DWP-CV-dev-3D9Nfn8e\n  user:\n    exec:\n      apiVersion: client.authentication.k8s.io/v1alpha1\n      command: aws-iam-authenticator\n      args:\n        - \"token\"\n        - \"-i\"\n        - \"DWP-CV-dev-3D9Nfn8e\"\n",
            "content_base64": null,
            "directory_permission": "0755",
            "file_permission": "0600",
            "filename": "./kubeconfig_DWP-CV-dev-3D9Nfn8e",
            "id": "abf1c9938a799b4e2d6c892fb1bafed67cb7ed68",
            "sensitive_content": null,
            "source": null
          },
          "sensitive_attributes": [],
          "private": "bnVsbA==",
          "dependencies": [
            "data.aws_subnets.private",
            "data.aws_vpc.cluster_vpc",
            "module.eks.aws_cloudwatch_log_group.this",
            "module.eks.aws_eks_cluster.this",
            "module.eks.aws_iam_role.cluster",
            "module.eks.aws_iam_role_policy_attachment.cluster_AmazonEKSClusterPolicy",
            "module.eks.aws_iam_role_policy_attachment.cluster_AmazonEKSServicePolicy",
            "module.eks.aws_iam_role_policy_attachment.cluster_AmazonEKSVPCResourceControllerPolicy",
            "module.eks.aws_security_group.cluster",
            "module.eks.aws_security_group.workers",
            "module.eks.aws_security_group_rule.cluster_egress_internet",
            "module.eks.aws_security_group_rule.cluster_https_worker_ingress",
            "module.eks.data.aws_iam_policy_document.cluster_assume_role_policy",
            "module.eks.data.aws_iam_role.custom_cluster_iam_role",
            "module.eks.data.aws_partition.current",
            "random_string.suffix"
          ]
        }
      ]
    },
    {
      "module": "module.eks.module.fargate",
      "mode": "data",
      "type": "aws_partition",
      "name": "current",
      "provider": "provider[\"registry.terraform.io/hashicorp/aws\"]",
      "instances": [
        {
          "schema_version": 0,
          "attributes": {
            "dns_suffix": "amazonaws.com",
            "id": "aws",
            "partition": "aws",
            "reverse_dns_prefix": "com.amazonaws"
          },
          "sensitive_attributes": []
        }
      ]
    },
    {
      "module": "module.log_group",
      "mode": "managed",
      "type": "aws_cloudwatch_log_group",
      "name": "this",
      "provider": "provider[\"registry.terraform.io/hashicorp/aws\"]",
      "instances": [
        {
          "index_key": 0,
          "schema_version": 0,
          "attributes": {
            "arn": "arn:aws:logs:us-west-1:223363613223:log-group:DWP-CV20220318115311847300000006",
            "id": "DWP-CV20220318115311847300000006",
            "kms_key_id": "",
            "name": "DWP-CV20220318115311847300000006",
            "name_prefix": "DWP-CV",
            "retention_in_days": 0,
            "tags": null,
            "tags_all": {}
          },
          "sensitive_attributes": [],
          "private": "bnVsbA=="
        }
      ]
    },
    {
      "module": "module.log_metric_filter",
      "mode": "managed",
      "type": "aws_cloudwatch_log_metric_filter",
      "name": "this",
      "provider": "provider[\"registry.terraform.io/hashicorp/aws\"]",
      "instances": [
        {
          "index_key": 0,
          "schema_version": 0,
          "attributes": {
            "id": "metric-DWP-CV20220318115311847300000006",
            "log_group_name": "DWP-CV20220318115311847300000006",
            "metric_transformation": [
              {
                "default_value": "",
                "dimensions": null,
                "name": "ErrorCount",
                "namespace": "dwp-cv-dev",
                "unit": "None",
                "value": "1"
              }
            ],
            "name": "metric-DWP-CV20220318115311847300000006",
            "pattern": "ERROR"
          },
          "sensitive_attributes": [],
          "private": "bnVsbA==",
          "dependencies": [
            "module.log_group.aws_cloudwatch_log_group.this"
          ]
        }
      ]
    }
  ]
}
